lockfileVersion: '9.0'

settings:
  autoInstallPeers: true
  excludeLinksFromLockfile: false

importers:

  .:
    dependencies:
      typescript-language-server:
        specifier: 6.0.0
        version: 6.0.0

packages:

  typescript-language-server@6.0.0:
    resolution: {integrity: sha1-A0gAD1AqeyzD8eZQR63ulm1mA8I=}
    engines: {node: '>=22.22.2'}
    hasBin: true

snapshots:

  typescript-language-server@6.0.0: {}
