# @generated - this file is auto-generated by `mise lock` https://mise.jdx.dev/dev-tools/mise-lock.html

[[tools.1password]]
version = "2.32.1"
backend = "vfox:mise-plugins/vfox-1password"

[tools.1password."platforms.linux-arm64"]
url = "https://cache.agilebits.com/dist/1P/op2/pkg/v2.32.1/op_linux_arm64_v2.32.1.zip"

[tools.1password."platforms.linux-x64"]
url = "https://cache.agilebits.com/dist/1P/op2/pkg/v2.32.1/op_linux_amd64_v2.32.1.zip"

[tools.1password."platforms.macos-arm64"]
url = "https://cache.agilebits.com/dist/1P/op2/pkg/v2.32.1/op_darwin_arm64_v2.32.1.zip"

[tools.1password."platforms.windows-x64"]
url = "https://cache.agilebits.com/dist/1P/op2/pkg/v2.32.1/op_windows_amd64_v2.32.1.zip"

[[tools."aqua:Azure/azure-dev"]]
version = "azure-dev-cli_1.23.8"
backend = "aqua:Azure/azure-dev"

[tools."aqua:Azure/azure-dev"."platforms.linux-x64"]
checksum = "sha256:357df9fe867cec4aaa69e2160afd94e8ff9303200364299608f188af8a179397"
url = "https://github.com/Azure/azure-dev/releases/download/azure-dev-cli_1.23.8/azd-linux-amd64.tar.gz"

[tools."aqua:Azure/azure-dev"."platforms.macos-arm64"]
checksum = "sha256:3cfed6b3ce49b1baf7c2e538f777378c8bc2bb6b687900faa2269de53b2d38bc"
url = "https://github.com/Azure/azure-dev/releases/download/azure-dev-cli_1.23.8/azd-darwin-amd64.zip"

[tools."aqua:Azure/azure-dev"."platforms.windows-x64"]
checksum = "sha256:0c9c084c1c0f9f6eea11bd63bd7faf36c857e540a433fd6d89b32a5ad9a577e4"
url = "https://github.com/Azure/azure-dev/releases/download/azure-dev-cli_1.23.8/azd-windows-amd64.zip"

[[tools.azure-kubelogin]]
version = "0.2.16"
backend = "aqua:Azure/kubelogin"

[[tools.bat]]
version = "0.26.1"
backend = "aqua:sharkdp/bat"

[[tools.cargo-make]]
version = "0.37.24"
backend = "aqua:sagiegurari/cargo-make"

[[tools.codex]]
version = "0.114.0"
backend = "aqua:openai/codex"

[tools.codex."platforms.linux-arm64"]
checksum = "sha256:5ac9b03134e44a10ab58a567626d0c059ac3c03111fd4cb406f191bb89f5390e"
url = "https://github.com/openai/codex/releases/download/rust-v0.114.0/codex-aarch64-unknown-linux-musl.zst"

[tools.codex."platforms.linux-x64"]
checksum = "sha256:91bf62d55c608f488795ce1ef35d922ddda7cd3a417848dda073a235d130dda3"
url = "https://github.com/openai/codex/releases/download/rust-v0.114.0/codex-x86_64-unknown-linux-musl.zst"

[tools.codex."platforms.macos-arm64"]
checksum = "sha256:50bc0cf8b0ae35e74a3fcc5ba7d3afb8b90a3dfe26c8d4bb775d3b721b6e7db6"
url = "https://github.com/openai/codex/releases/download/rust-v0.114.0/codex-aarch64-apple-darwin.zst"

[tools.codex."platforms.windows-x64"]
checksum = "sha256:fac12ad842ba76fb727acbdd11bb551adbe5def5250eb3c020293cc54c2b5c21"
url = "https://github.com/openai/codex/releases/download/rust-v0.114.0/codex-x86_64-pc-windows-msvc.exe.zst"

[[tools.cosign]]
version = "3.0.5"
backend = "aqua:sigstore/cosign"

[tools.cosign."platforms.linux-arm64"]
provenance = "cosign"

[tools.cosign."platforms.linux-x64"]
provenance = "cosign"

[tools.cosign."platforms.macos-arm64"]
provenance = "cosign"

[tools.cosign."platforms.windows-x64"]
provenance = "cosign"

[[tools.cue]]
version = "0.16.0"
backend = "aqua:cue-lang/cue"

[[tools.dotnet]]
version = "10.0.200"
backend = "core:dotnet"

[[tools.edit]]
version = "1.2.1"
backend = "aqua:microsoft/edit"

[tools.edit."platforms.linux-arm64"]
checksum = "sha256:4e320240586ecc5cdfdcff0488647879077027506c68c919ccdd2754642d0fbb"
url = "https://github.com/microsoft/edit/releases/download/v1.2.1/edit-1.2.0-aarch64-linux-gnu.tar.zst"

[tools.edit."platforms.linux-x64"]
checksum = "sha256:aee9f2f21ebc90cc1dbfb20ee93d3aa03d325127a8e3f7f91dd02c5a9e0a7b25"
url = "https://github.com/microsoft/edit/releases/download/v1.2.1/edit-1.2.0-x86_64-linux-gnu.tar.zst"

[tools.edit."platforms.windows-x64"]
checksum = "sha256:be3affb7e5e0cd856fc0fb9c8b2004e9fbbc364e69797f7c2e9d8fcc94bfc4ff"
url = "https://github.com/microsoft/edit/releases/download/v1.2.1/edit-1.2.1-x86_64-windows.zip"

[[tools.fzf]]
version = "0.70.0"
backend = "aqua:junegunn/fzf"

[[tools.ghq]]
version = "1.9.4"
backend = "aqua:x-motemen/ghq"

[[tools.github-cli]]
version = "2.88.0"
backend = "aqua:cli/cli"

[[tools."github:github/copilot-cli"]]
version = "1.0.4"
backend = "github:github/copilot-cli"

[[tools."github:microsoft/dev-proxy"]]
version = "2.2.0"
backend = "github:microsoft/dev-proxy"

[[tools.go]]
version = "1.26.1"
backend = "core:go"

[tools.go."platforms.linux-arm64"]
checksum = "sha256:a290581cfe4fe28ddd737dde3095f3dbeb7f2e4065cab4eae44dfc53b760c2f7"
url = "https://dl.google.com/go/go1.26.1.linux-arm64.tar.gz"

[tools.go."platforms.linux-x64"]
checksum = "sha256:031f088e5d955bab8657ede27ad4e3bc5b7c1ba281f05f245bcc304f327c987a"
url = "https://dl.google.com/go/go1.26.1.linux-amd64.tar.gz"

[tools.go."platforms.macos-arm64"]
checksum = "sha256:353df43a7811ce284c8938b5f3c7df40b7bfb6f56cb165b150bc40b5e2dd541f"
url = "https://dl.google.com/go/go1.26.1.darwin-arm64.tar.gz"

[tools.go."platforms.windows-x64"]
checksum = "sha256:9b68112c913f45b7aebbf13c036721264bbba7e03a642f8f7490c561eebd1ecc"
url = "https://dl.google.com/go/go1.26.1.windows-amd64.zip"

[[tools.golangci-lint]]
version = "2.11.3"
backend = "aqua:golangci/golangci-lint"

[[tools.goreleaser]]
version = "2.14.3"
backend = "aqua:goreleaser/goreleaser"

[tools.goreleaser."platforms.linux-arm64"]
provenance = "cosign"

[tools.goreleaser."platforms.linux-x64"]
provenance = "cosign"

[tools.goreleaser."platforms.macos-arm64"]
provenance = "cosign"

[tools.goreleaser."platforms.windows-x64"]
provenance = "cosign"

[[tools.helm]]
version = "4.1.3"
backend = "aqua:helm/helm"

[tools.helm."platforms.linux-arm64"]
checksum = "sha256:5db45e027cc8de4677ec869e5d803fc7631b0bab1c1eb62ac603a62d22359a43"
url = "https://get.helm.sh/helm-v4.1.3-linux-arm64.tar.gz"

[tools.helm."platforms.linux-x64"]
checksum = "sha256:02ce9722d541238f81459938b84cf47df2fdf1187493b4bfb2346754d82a4700"
url = "https://get.helm.sh/helm-v4.1.3-linux-amd64.tar.gz"

[tools.helm."platforms.macos-arm64"]
checksum = "sha256:21c02fe2f7e27d08e24a6bf93103f9d2b25aab6f13f91814b2cfabc99b108a5e"
url = "https://get.helm.sh/helm-v4.1.3-darwin-arm64.tar.gz"

[tools.helm."platforms.windows-x64"]
checksum = "sha256:fb8dc9b5c2f74456443a6a1bb431fe109d744151423133d921ec8a43b63cab90"
url = "https://get.helm.sh/helm-v4.1.3-windows-amd64.tar.gz"

[[tools.jq]]
version = "1.8.1"
backend = "aqua:jqlang/jq"

[tools.jq."platforms.linux-arm64"]
checksum = "sha256:6bc62f25981328edd3cfcfe6fe51b073f2d7e7710d7ef7fcdac28d4e384fc3d4"
url = "https://github.com/jqlang/jq/releases/download/jq-1.8.1/jq-linux-arm64"

[tools.jq."platforms.linux-x64"]
checksum = "sha256:020468de7539ce70ef1bceaf7cde2e8c4f2ca6c3afb84642aabc5c97d9fc2a0d"
url = "https://github.com/jqlang/jq/releases/download/jq-1.8.1/jq-linux-amd64"

[tools.jq."platforms.macos-arm64"]
checksum = "sha256:a9fe3ea2f86dfc72f6728417521ec9067b343277152b114f4e98d8cb0e263603"
url = "https://github.com/jqlang/jq/releases/download/jq-1.8.1/jq-macos-arm64"

[tools.jq."platforms.windows-x64"]
checksum = "sha256:23cb60a1354eed6bcc8d9b9735e8c7b388cd1fdcb75726b93bc299ef22dd9334"
url = "https://github.com/jqlang/jq/releases/download/jq-1.8.1/jq-windows-amd64.exe"

[[tools.kubectl]]
version = "1.35.2"
backend = "aqua:kubernetes/kubernetes/kubectl"

[tools.kubectl."platforms.linux-arm64"]
url = "https://dl.k8s.io/1.35.2/bin/linux/arm64/kubectl"

[tools.kubectl."platforms.linux-x64"]
url = "https://dl.k8s.io/1.35.2/bin/linux/amd64/kubectl"

[tools.kubectl."platforms.macos-arm64"]
url = "https://dl.k8s.io/1.35.2/bin/darwin/arm64/kubectl"

[tools.kubectl."platforms.windows-x64"]
url = "https://dl.k8s.io/1.35.2/bin/windows/amd64/kubectl.exe"

[[tools.kustomize]]
version = "5.8.1"
backend = "aqua:kubernetes-sigs/kustomize"

[[tools.node]]
version = "24.14.0"
backend = "core:node"

[tools.node."platforms.linux-arm64"]
checksum = "sha256:f44740cd218de8127f1c44c41510a3a740fa5c9c8d1cdce1c3bedada79f3cde7"
url = "https://nodejs.org/dist/v24.14.0/node-v24.14.0-linux-arm64.tar.gz"

[tools.node."platforms.linux-x64"]
checksum = "sha256:dbf5b8665dec15e59e6359a517fefb47b23fdb9152d8def975b9bca3dfc6d355"
url = "https://nodejs.org/dist/v24.14.0/node-v24.14.0-linux-x64.tar.gz"

[tools.node."platforms.macos-arm64"]
checksum = "sha256:a1a54f46a750d2523d628d924aab61758a51c9dad3e0238beb14141be9615dd3"
url = "https://nodejs.org/dist/v24.14.0/node-v24.14.0-darwin-arm64.tar.gz"

[tools.node."platforms.windows-x64"]
checksum = "sha256:313fa40c0d7b18575821de8cb17483031fe07d95de5994f6f435f3b345f85c66"
url = "https://nodejs.org/dist/v24.14.0/node-v24.14.0-win-x64.zip"

[[tools."pipx:azure-cli"]]
version = "2.84.0"
backend = "pipx:azure-cli"

[tools."pipx:azure-cli".options]
uvx_args = "--prerelease=allow"

[[tools.ripgrep]]
version = "15.1.0"
backend = "aqua:BurntSushi/ripgrep"

[[tools.rust]]
version = "1.94.0"
backend = "core:rust"

[[tools.sqlc]]
version = "1.30.0"
backend = "github:sqlc-dev/sqlc"

[[tools.terraform]]
version = "1.14.7"
backend = "aqua:hashicorp/terraform"

[tools.terraform."platforms.linux-arm64"]
checksum = "sha256:04f88ee8924db27c0e26c379721965273c80c9b6a94bc5d8d8048a69163952ba"
url = "https://releases.hashicorp.com/terraform/1.14.7/terraform_1.14.7_linux_arm64.zip"

[tools.terraform."platforms.linux-x64"]
checksum = "sha256:e8bbcefea8015156e04e2a325cde37a0b2fb761728bda548e2fe3b8ad7c18c96"
url = "https://releases.hashicorp.com/terraform/1.14.7/terraform_1.14.7_linux_amd64.zip"

[tools.terraform."platforms.macos-arm64"]
checksum = "sha256:e9004e245b3e56bff9c7a6c572295d710f6ce4fc72e3910e99519ebdcb46d1bb"
url = "https://releases.hashicorp.com/terraform/1.14.7/terraform_1.14.7_darwin_arm64.zip"

[tools.terraform."platforms.windows-x64"]
checksum = "sha256:e81958c47acde7bb64e0126c5c45c3919da1ecd51042d84e79030835cbbfdd0c"
url = "https://releases.hashicorp.com/terraform/1.14.7/terraform_1.14.7_windows_amd64.zip"

[[tools.trivy]]
version = "0.69.3"
backend = "aqua:aquasecurity/trivy"

[tools.trivy."platforms.linux-arm64"]
provenance = "cosign"

[tools.trivy."platforms.linux-x64"]
provenance = "cosign"

[tools.trivy."platforms.macos-arm64"]
provenance = "cosign"

[tools.trivy."platforms.windows-x64"]
provenance = "cosign"

[[tools.uv]]
version = "0.10.9"
backend = "aqua:astral-sh/uv"

[[tools.yq]]
version = "4.52.4"
backend = "aqua:mikefarah/yq"

[[tools.zoxide]]
version = "0.9.9"
backend = "aqua:ajeetdsouza/zoxide"
