# @generated - this file is auto-generated by `mise lock` https://mise.jdx.dev/dev-tools/mise-lock.html

[[tools.1password]]
version = "2.33.1"
backend = "vfox:mise-plugins/vfox-1password"

[tools.1password."platforms.linux-arm64"]
url = "https://cache.agilebits.com/dist/1P/op2/pkg/v2.33.1/op_linux_arm64_v2.33.1.zip"

[tools.1password."platforms.linux-x64"]
url = "https://cache.agilebits.com/dist/1P/op2/pkg/v2.33.1/op_linux_amd64_v2.33.1.zip"

[tools.1password."platforms.macos-arm64"]
url = "https://cache.agilebits.com/dist/1P/op2/pkg/v2.33.1/op_darwin_arm64_v2.33.1.zip"

[tools.1password."platforms.windows-x64"]
url = "https://cache.agilebits.com/dist/1P/op2/pkg/v2.33.1/op_windows_amd64_v2.33.1.zip"

[[tools.azure-kubelogin]]
version = "0.2.17"
backend = "aqua:Azure/kubelogin"

[tools.azure-kubelogin."platforms.linux-arm64"]
checksum = "sha256:39608e328d87a98f84c7f5af780d9303ac8eda7a27a6d463f43cc2ae85196184"
url = "https://github.com/Azure/kubelogin/releases/download/v0.2.17/kubelogin-linux-arm64.zip"

[tools.azure-kubelogin."platforms.linux-x64"]
checksum = "sha256:9a5484504ab1c91cdafdcd55a9e439bb3f55a0fe29fe253a169df5538c0a2c86"
url = "https://github.com/Azure/kubelogin/releases/download/v0.2.17/kubelogin-linux-amd64.zip"

[tools.azure-kubelogin."platforms.macos-arm64"]
checksum = "sha256:c10f9f34bfdb32894ed05a6be39262bca0d4a2fd47f59d8fa1aa7b5216f92f91"
url = "https://github.com/Azure/kubelogin/releases/download/v0.2.17/kubelogin-darwin-arm64.zip"

[tools.azure-kubelogin."platforms.windows-arm64"]
checksum = "sha256:83c49a6fb8bd8eaca0ee05d1e71aebe7a7fff3d9577512b3cf28e510f520595a"
url = "https://github.com/Azure/kubelogin/releases/download/v0.2.17/kubelogin-win-arm64.zip"

[tools.azure-kubelogin."platforms.windows-x64"]
checksum = "sha256:75fffa09b5ccbcf4791e8d3d30091c7846f3b2858f00e27715e6c6e1a8375c33"
url = "https://github.com/Azure/kubelogin/releases/download/v0.2.17/kubelogin-win-amd64.zip"

[[tools.bat]]
version = "0.26.1"
backend = "aqua:sharkdp/bat"

[tools.bat."platforms.linux-arm64"]
checksum = "sha256:6369242c584065f195fb20cb36fbd7cb63ae690605bbe89868a7596b596c2c23"
url = "https://github.com/sharkdp/bat/releases/download/v0.26.1/bat-v0.26.1-aarch64-unknown-linux-musl.tar.gz"

[tools.bat."platforms.linux-x64"]
checksum = "sha256:0dcd8ac79732c0d5b136f11f4ee00e581440e16a44eab5b3105b611bbf2cf191"
url = "https://github.com/sharkdp/bat/releases/download/v0.26.1/bat-v0.26.1-x86_64-unknown-linux-musl.tar.gz"

[tools.bat."platforms.macos-arm64"]
checksum = "sha256:e30beff26779c9bf60bb541e1d79046250cb74378f2757f8eb250afddb19e114"
url = "https://github.com/sharkdp/bat/releases/download/v0.26.1/bat-v0.26.1-aarch64-apple-darwin.tar.gz"

[tools.bat."platforms.windows-arm64"]
checksum = "sha256:0f729b4b6f5f28d395c641eacc2e9ff68d0096b85aa0eec344aa62425144b69b"
url = "https://github.com/sharkdp/bat/releases/download/v0.26.1/bat-v0.26.1-x86_64-pc-windows-msvc.zip"

[tools.bat."platforms.windows-x64"]
checksum = "sha256:0f729b4b6f5f28d395c641eacc2e9ff68d0096b85aa0eec344aa62425144b69b"
url = "https://github.com/sharkdp/bat/releases/download/v0.26.1/bat-v0.26.1-x86_64-pc-windows-msvc.zip"

[[tools.cargo-make]]
version = "0.37.24"
backend = "aqua:sagiegurari/cargo-make"

[tools.cargo-make."platforms.linux-x64"]
url = "https://github.com/sagiegurari/cargo-make/releases/download/0.37.24/cargo-make-v0.37.24-x86_64-unknown-linux-musl.zip"

[tools.cargo-make."platforms.macos-arm64"]
url = "https://github.com/sagiegurari/cargo-make/releases/download/0.37.24/cargo-make-v0.37.24-aarch64-apple-darwin.zip"

[tools.cargo-make."platforms.windows-arm64"]
url = "https://github.com/sagiegurari/cargo-make/releases/download/0.37.24/cargo-make-v0.37.24-x86_64-pc-windows-msvc.zip"

[tools.cargo-make."platforms.windows-x64"]
url = "https://github.com/sagiegurari/cargo-make/releases/download/0.37.24/cargo-make-v0.37.24-x86_64-pc-windows-msvc.zip"

[[tools.codex]]
version = "0.118.0"
backend = "aqua:openai/codex"

[tools.codex."platforms.linux-arm64"]
checksum = "sha256:03a5e09423ac2587a22b0759f65fde8f29f785f08fcf251eed5aecda2a22f6f3"
url = "https://github.com/openai/codex/releases/download/rust-v0.118.0/codex-aarch64-unknown-linux-musl.zst"

[tools.codex."platforms.linux-x64"]
checksum = "sha256:add27a73df075cdd689102453eba9b40493aa7ffff0ca88170ee249ebc04da7e"
url = "https://github.com/openai/codex/releases/download/rust-v0.118.0/codex-x86_64-unknown-linux-musl.zst"

[tools.codex."platforms.macos-arm64"]
checksum = "sha256:089099f62f3f6e344abb21d85322a622245bb989abd334ce49ac25d24b5ba599"
url = "https://github.com/openai/codex/releases/download/rust-v0.118.0/codex-aarch64-apple-darwin.zst"

[tools.codex."platforms.windows-arm64"]
checksum = "sha256:1fbf44491f2f2ca12090db0ed14ce0b18e2c34b68cccffebc2d9af367c6468ba"
url = "https://github.com/openai/codex/releases/download/rust-v0.118.0/codex-x86_64-pc-windows-msvc.exe.zst"

[tools.codex."platforms.windows-x64"]
checksum = "sha256:1fbf44491f2f2ca12090db0ed14ce0b18e2c34b68cccffebc2d9af367c6468ba"
url = "https://github.com/openai/codex/releases/download/rust-v0.118.0/codex-x86_64-pc-windows-msvc.exe.zst"

[[tools.cosign]]
version = "3.0.6"
backend = "aqua:sigstore/cosign"

[tools.cosign."platforms.linux-arm64"]
checksum = "sha256:bedac92e8c3729864e13d4a17048007cfafa79d5deca993a43a90ffe018ef2b8"
url = "https://github.com/sigstore/cosign/releases/download/v3.0.6/cosign-linux-arm64"
provenance = "cosign"

[tools.cosign."platforms.linux-x64"]
checksum = "sha256:c956e5dfcac53d52bcf058360d579472f0c1d2d9b69f55209e256fe7783f4c74"
url = "https://github.com/sigstore/cosign/releases/download/v3.0.6/cosign-linux-amd64"
provenance = "cosign"

[tools.cosign."platforms.macos-arm64"]
checksum = "sha256:5fadd012ae6381a6a29ff86a7d39aa873878852f1073fc90b15995961ecfb084"
url = "https://github.com/sigstore/cosign/releases/download/v3.0.6/cosign-darwin-arm64"
provenance = "cosign"

[tools.cosign."platforms.windows-arm64"]
checksum = "sha256:9b85a88ebff2d9dd30ff4984a6f61f2cedc232dd87d81fa7f2ff3c0ed96c241c"
url = "https://github.com/sigstore/cosign/releases/download/v3.0.6/cosign-windows-amd64.exe"
provenance = "cosign"

[tools.cosign."platforms.windows-x64"]
checksum = "sha256:9b85a88ebff2d9dd30ff4984a6f61f2cedc232dd87d81fa7f2ff3c0ed96c241c"
url = "https://github.com/sigstore/cosign/releases/download/v3.0.6/cosign-windows-amd64.exe"
provenance = "cosign"

[[tools.cue]]
version = "0.16.1"
backend = "aqua:cue-lang/cue"

[tools.cue."platforms.linux-arm64"]
checksum = "sha256:3cc715a9e969f87b93c4fa34cfaef5388b93e96efa20b248e8ad6826abd25a83"
url = "https://github.com/cue-lang/cue/releases/download/v0.16.1/cue_v0.16.1_linux_arm64.tar.gz"

[tools.cue."platforms.linux-x64"]
checksum = "sha256:5d644c1305a2b86504c8dcd2ec829cf5b4999efc2cf51ee375624e0455f774ae"
url = "https://github.com/cue-lang/cue/releases/download/v0.16.1/cue_v0.16.1_linux_amd64.tar.gz"

[tools.cue."platforms.macos-arm64"]
checksum = "sha256:a72b0cddb377c52d1b003bed9a335d893b70cd75a182cd5e3fee8bae30ddb6d6"
url = "https://github.com/cue-lang/cue/releases/download/v0.16.1/cue_v0.16.1_darwin_arm64.tar.gz"

[tools.cue."platforms.windows-arm64"]
checksum = "sha256:e0c15ce53f73e8609b0e8ce6507298f3474b334ac5eb0c826c9497a811fd0cce"
url = "https://github.com/cue-lang/cue/releases/download/v0.16.1/cue_v0.16.1_windows_arm64.zip"

[tools.cue."platforms.windows-x64"]
checksum = "sha256:2f24123f458229fcf283db534bd86692ad1074da806defee0f0cc62976c0397c"
url = "https://github.com/cue-lang/cue/releases/download/v0.16.1/cue_v0.16.1_windows_amd64.zip"

[[tools.dotnet]]
version = "10.0.201"
backend = "core:dotnet"

[[tools.edit]]
version = "1.2.1"
backend = "aqua:microsoft/edit"

[tools.edit."platforms.linux-arm64"]
checksum = "sha256:4e320240586ecc5cdfdcff0488647879077027506c68c919ccdd2754642d0fbb"
url = "https://github.com/microsoft/edit/releases/download/v1.2.1/edit-1.2.0-aarch64-linux-gnu.tar.zst"

[tools.edit."platforms.linux-x64"]
checksum = "sha256:aee9f2f21ebc90cc1dbfb20ee93d3aa03d325127a8e3f7f91dd02c5a9e0a7b25"
url = "https://github.com/microsoft/edit/releases/download/v1.2.1/edit-1.2.0-x86_64-linux-gnu.tar.zst"

[tools.edit."platforms.windows-arm64"]
checksum = "sha256:7f44bb48b2891163cf5b9c996e8a917c29d82c7a765c07e89e74b47aff542ca9"
url = "https://github.com/microsoft/edit/releases/download/v1.2.1/edit-1.2.1-aarch64-windows.zip"

[tools.edit."platforms.windows-x64"]
checksum = "sha256:be3affb7e5e0cd856fc0fb9c8b2004e9fbbc364e69797f7c2e9d8fcc94bfc4ff"
url = "https://github.com/microsoft/edit/releases/download/v1.2.1/edit-1.2.1-x86_64-windows.zip"

[[tools.fzf]]
version = "0.71.0"
backend = "aqua:junegunn/fzf"

[tools.fzf."platforms.linux-arm64"]
checksum = "sha256:98b7d322efae9c37e4bfbbab1cbcd8722eb742d9399511f96375feb40cc35d1d"
url = "https://github.com/junegunn/fzf/releases/download/v0.71.0/fzf-0.71.0-linux_arm64.tar.gz"

[tools.fzf."platforms.linux-x64"]
checksum = "sha256:22639bb38489dbca8acef57850cbb50231ab714d0e8e855ac52fae8b41233df4"
url = "https://github.com/junegunn/fzf/releases/download/v0.71.0/fzf-0.71.0-linux_amd64.tar.gz"

[tools.fzf."platforms.macos-arm64"]
checksum = "sha256:02dfb11de8773cb79aa4fc5bfc77e75c6604ee14728bc849fc162dd91a9714c4"
url = "https://github.com/junegunn/fzf/releases/download/v0.71.0/fzf-0.71.0-darwin_arm64.tar.gz"

[tools.fzf."platforms.windows-arm64"]
checksum = "sha256:9d0de41e8c40e8a7ac1edb64fe93aae96181ed93439e9e6d8d35deda61ee910b"
url = "https://github.com/junegunn/fzf/releases/download/v0.71.0/fzf-0.71.0-windows_arm64.zip"

[tools.fzf."platforms.windows-x64"]
checksum = "sha256:15bf30fa658c596d740f0ce9a9a97b6b5d90566124903657d09fd109dd0973d2"
url = "https://github.com/junegunn/fzf/releases/download/v0.71.0/fzf-0.71.0-windows_amd64.zip"

[[tools.ghq]]
version = "1.10.0"
backend = "aqua:x-motemen/ghq"

[tools.ghq."platforms.linux-arm64"]
checksum = "sha256:0e4742e24b11c2e23fdc8513e2d277cca52ac2a81fd4566680cd1d6192ea75ea"
url = "https://github.com/x-motemen/ghq/releases/download/v1.10.0/ghq_linux_arm64.zip"

[tools.ghq."platforms.linux-x64"]
checksum = "sha256:079a329c80ef028aeba6957a99b896656537b51dedd083cebb47d7b620d891a6"
url = "https://github.com/x-motemen/ghq/releases/download/v1.10.0/ghq_linux_amd64.zip"

[tools.ghq."platforms.macos-arm64"]
checksum = "sha256:94e973afdbb58e3f2560aaca689767f379c3badd934a68d611673f89d7bfc19e"
url = "https://github.com/x-motemen/ghq/releases/download/v1.10.0/ghq_darwin_arm64.zip"

[tools.ghq."platforms.windows-arm64"]
checksum = "sha256:4b041483b9cfaa6b7665396dbea56b2f0894a8ec14700537d4207972fb4b1d1d"
url = "https://github.com/x-motemen/ghq/releases/download/v1.10.0/ghq_windows_arm64.zip"

[tools.ghq."platforms.windows-x64"]
checksum = "sha256:04428613f5f3901e923d6ee87fe963b3f1e4e467661c9740bebb18af4d08fae9"
url = "https://github.com/x-motemen/ghq/releases/download/v1.10.0/ghq_windows_amd64.zip"

[[tools.github-cli]]
version = "2.89.0"
backend = "aqua:cli/cli"

[tools.github-cli."platforms.linux-arm64"]
checksum = "sha256:9e64a623dfc242990aa5d9b3f507111149c4282f66b68eaad1dc79eeb13b9ce5"
url = "https://github.com/cli/cli/releases/download/v2.89.0/gh_2.89.0_linux_arm64.tar.gz"
provenance = "github-attestations"

[tools.github-cli."platforms.linux-x64"]
checksum = "sha256:d0422caade520530e76c1c558da47daebaa8e1203d6b7ff10ad7d6faba3490d8"
url = "https://github.com/cli/cli/releases/download/v2.89.0/gh_2.89.0_linux_amd64.tar.gz"
provenance = "github-attestations"

[tools.github-cli."platforms.macos-arm64"]
checksum = "sha256:2423d02ec0a2094898c378703a1b28a5846c08700f87461363857cb8cb3fda94"
url = "https://github.com/cli/cli/releases/download/v2.89.0/gh_2.89.0_macOS_arm64.zip"
provenance = "github-attestations"

[tools.github-cli."platforms.windows-arm64"]
checksum = "sha256:dfffa1fba55ae9c1ba53c307038ddce26ace3db29c9af329e98d568eceae7d98"
url = "https://github.com/cli/cli/releases/download/v2.89.0/gh_2.89.0_windows_arm64.zip"
provenance = "github-attestations"

[tools.github-cli."platforms.windows-x64"]
checksum = "sha256:f3326f6406c98c99701b257d77e2b040eedf83d0176c2c2e9809aa339ceb467e"
url = "https://github.com/cli/cli/releases/download/v2.89.0/gh_2.89.0_windows_amd64.zip"
provenance = "github-attestations"

[[tools.gitleaks]]
version = "8.30.1"
backend = "aqua:gitleaks/gitleaks"

[tools.gitleaks."platforms.linux-arm64"]
checksum = "sha256:e4a487ee7ccd7d3a7f7ec08657610aa3606637dab924210b3aee62570fb4b080"
url = "https://github.com/gitleaks/gitleaks/releases/download/v8.30.1/gitleaks_8.30.1_linux_arm64.tar.gz"

[tools.gitleaks."platforms.linux-x64"]
checksum = "sha256:551f6fc83ea457d62a0d98237cbad105af8d557003051f41f3e7ca7b3f2470eb"
url = "https://github.com/gitleaks/gitleaks/releases/download/v8.30.1/gitleaks_8.30.1_linux_x64.tar.gz"

[tools.gitleaks."platforms.macos-arm64"]
checksum = "sha256:b40ab0ae55c505963e365f271a8d3846efbc170aa17f2607f13df610a9aeb6a5"
url = "https://github.com/gitleaks/gitleaks/releases/download/v8.30.1/gitleaks_8.30.1_darwin_arm64.tar.gz"

[tools.gitleaks."platforms.windows-arm64"]
checksum = "sha256:d29144deff3a68aa93ced33dddf84b7fdc26070add4aa0f4513094c8332afc4e"
url = "https://github.com/gitleaks/gitleaks/releases/download/v8.30.1/gitleaks_8.30.1_windows_x64.zip"

[tools.gitleaks."platforms.windows-x64"]
checksum = "sha256:d29144deff3a68aa93ced33dddf84b7fdc26070add4aa0f4513094c8332afc4e"
url = "https://github.com/gitleaks/gitleaks/releases/download/v8.30.1/gitleaks_8.30.1_windows_x64.zip"

[[tools.go]]
version = "1.26.2"
backend = "core:go"

[tools.go."platforms.linux-arm64"]
checksum = "sha256:c958a1fe1b361391db163a485e21f5f228142d6f8b584f6bef89b26f66dc5b23"
url = "https://dl.google.com/go/go1.26.2.linux-arm64.tar.gz"

[tools.go."platforms.linux-x64"]
checksum = "sha256:990e6b4bbba816dc3ee129eaeaf4b42f17c2800b88a2166c265ac1a200262282"
url = "https://dl.google.com/go/go1.26.2.linux-amd64.tar.gz"

[tools.go."platforms.macos-arm64"]
checksum = "sha256:32af1522bf3e3ff3975864780a429cc0b41d190ec7bf90faa661d6d64566e7af"
url = "https://dl.google.com/go/go1.26.2.darwin-arm64.tar.gz"

[tools.go."platforms.windows-arm64"]
checksum = "sha256:094d05caaf6ba235e2bd570b625d064ceb65943866252722a8f3fdba232139c6"
url = "https://dl.google.com/go/go1.26.2.windows-arm64.zip"

[tools.go."platforms.windows-x64"]
checksum = "sha256:98eb3570bade15cb826b0909338df6cc6d2cf590bc39c471142002db3832b708"
url = "https://dl.google.com/go/go1.26.2.windows-amd64.zip"

[[tools.golangci-lint]]
version = "2.11.4"
backend = "aqua:golangci/golangci-lint"

[tools.golangci-lint."platforms.linux-arm64"]
checksum = "sha256:3bcfa2e6f3d32b2bf5cd75eaa876447507025e0303698633f722a05331988db4"
url = "https://github.com/golangci/golangci-lint/releases/download/v2.11.4/golangci-lint-2.11.4-linux-arm64.tar.gz"
provenance = "github-attestations"

[tools.golangci-lint."platforms.linux-x64"]
checksum = "sha256:200c5b7503f67b59a6743ccf32133026c174e272b930ee79aa2aa6f37aca7ef1"
url = "https://github.com/golangci/golangci-lint/releases/download/v2.11.4/golangci-lint-2.11.4-linux-amd64.tar.gz"
provenance = "github-attestations"

[tools.golangci-lint."platforms.macos-arm64"]
checksum = "sha256:02db2a2dae8b26812e53b0688a6f617e3ef1f489790e829ea22862cf76945675"
url = "https://github.com/golangci/golangci-lint/releases/download/v2.11.4/golangci-lint-2.11.4-darwin-arm64.tar.gz"
provenance = "github-attestations"

[tools.golangci-lint."platforms.windows-arm64"]
checksum = "sha256:fa90179d6377f224798b56bfa308dcd7d62bf28a7aa6889fb180f35b290e3413"
url = "https://github.com/golangci/golangci-lint/releases/download/v2.11.4/golangci-lint-2.11.4-windows-arm64.zip"
provenance = "github-attestations"

[tools.golangci-lint."platforms.windows-x64"]
checksum = "sha256:4932cfca5e75bf60fe1c576edf459e5e809e6644664a068185d64b84af3fad9e"
url = "https://github.com/golangci/golangci-lint/releases/download/v2.11.4/golangci-lint-2.11.4-windows-amd64.zip"
provenance = "github-attestations"

[[tools.goreleaser]]
version = "2.15.2"
backend = "aqua:goreleaser/goreleaser"

[tools.goreleaser."platforms.linux-arm64"]
checksum = "sha256:5db66761a98f6693161e49e1a95d28d2673a892ba60cb4a5e16736cafd41c4c9"
url = "https://github.com/goreleaser/goreleaser/releases/download/v2.15.2/goreleaser_Linux_arm64.tar.gz"
provenance = "github-attestations"

[tools.goreleaser."platforms.linux-x64"]
checksum = "sha256:0ebdbf0353aba566b969dde746cc4e4806f96c27aa2f3971b229a9df7611fedc"
url = "https://github.com/goreleaser/goreleaser/releases/download/v2.15.2/goreleaser_Linux_x86_64.tar.gz"
provenance = "github-attestations"

[tools.goreleaser."platforms.macos-arm64"]
checksum = "sha256:0e6bd67688ac949780bf1166813a91f89856898ef4c40d7d46c2c74ebaa4b9ee"
url = "https://github.com/goreleaser/goreleaser/releases/download/v2.15.2/goreleaser_Darwin_all.tar.gz"
provenance = "github-attestations"

[tools.goreleaser."platforms.windows-arm64"]
checksum = "sha256:078e274df1f5a6f2477a8938dec417bc3c1946cc442be4a9df6775d301e48359"
url = "https://github.com/goreleaser/goreleaser/releases/download/v2.15.2/goreleaser_Windows_arm64.zip"
provenance = "github-attestations"

[tools.goreleaser."platforms.windows-x64"]
checksum = "sha256:7459832946dbe122c144f8d7f87484d8572ca005b779310aa6bb03346e8de17a"
url = "https://github.com/goreleaser/goreleaser/releases/download/v2.15.2/goreleaser_Windows_x86_64.zip"
provenance = "github-attestations"

[[tools.helm]]
version = "4.1.4"
backend = "aqua:helm/helm"

[tools.helm."platforms.linux-arm64"]
checksum = "sha256:13d03672be289045d2ff00e4e345d61de1c6f21c1257a45955a30e8ae036d8f1"
url = "https://get.helm.sh/helm-v4.1.4-linux-arm64.tar.gz"

[tools.helm."platforms.linux-x64"]
checksum = "sha256:70b2c30a19da4db264dfd68c8a3664e05093a361cefd89572ffb36f8abfa3d09"
url = "https://get.helm.sh/helm-v4.1.4-linux-amd64.tar.gz"

[tools.helm."platforms.macos-arm64"]
checksum = "sha256:7c2eca678e8001fa863cdf8cbf6ac1b3799f9404a89eb55c08260ef5732e658d"
url = "https://get.helm.sh/helm-v4.1.4-darwin-arm64.tar.gz"

[tools.helm."platforms.windows-arm64"]
checksum = "sha256:44dbb375a7dc2e59e9496882c35bf15d3103f6d4bb8df6124c40de0eed680927"
url = "https://get.helm.sh/helm-v4.1.4-windows-arm64.tar.gz"

[tools.helm."platforms.windows-x64"]
checksum = "sha256:f6a7bca730093d5b859a33141d34361f1cc7bc358657b48c75ce36e1e8bdf8b6"
url = "https://get.helm.sh/helm-v4.1.4-windows-amd64.tar.gz"

[[tools.jq]]
version = "1.8.1"
backend = "aqua:jqlang/jq"

[tools.jq."platforms.linux-arm64"]
checksum = "sha256:6bc62f25981328edd3cfcfe6fe51b073f2d7e7710d7ef7fcdac28d4e384fc3d4"
url = "https://github.com/jqlang/jq/releases/download/jq-1.8.1/jq-linux-arm64"
provenance = "github-attestations"

[tools.jq."platforms.linux-x64"]
checksum = "sha256:020468de7539ce70ef1bceaf7cde2e8c4f2ca6c3afb84642aabc5c97d9fc2a0d"
url = "https://github.com/jqlang/jq/releases/download/jq-1.8.1/jq-linux-amd64"
provenance = "github-attestations"

[tools.jq."platforms.macos-arm64"]
checksum = "sha256:a9fe3ea2f86dfc72f6728417521ec9067b343277152b114f4e98d8cb0e263603"
url = "https://github.com/jqlang/jq/releases/download/jq-1.8.1/jq-macos-arm64"
provenance = "github-attestations"

[tools.jq."platforms.windows-arm64"]
checksum = "sha256:23cb60a1354eed6bcc8d9b9735e8c7b388cd1fdcb75726b93bc299ef22dd9334"
url = "https://github.com/jqlang/jq/releases/download/jq-1.8.1/jq-windows-amd64.exe"
provenance = "github-attestations"

[tools.jq."platforms.windows-x64"]
checksum = "sha256:23cb60a1354eed6bcc8d9b9735e8c7b388cd1fdcb75726b93bc299ef22dd9334"
url = "https://github.com/jqlang/jq/releases/download/jq-1.8.1/jq-windows-amd64.exe"
provenance = "github-attestations"

[[tools.kubectl]]
version = "1.35.3"
backend = "aqua:kubernetes/kubernetes/kubectl"

[tools.kubectl."platforms.linux-arm64"]
checksum = "sha256:6f0cd088a82dde5d5807122056069e2fac4ed447cc518efc055547ae46525f14"
url = "https://dl.k8s.io/v1.35.3/bin/linux/arm64/kubectl"

[tools.kubectl."platforms.linux-x64"]
checksum = "sha256:fd31c7d7129260e608f6faf92d5984c3267ad0b5ead3bced2fe125686e286ad6"
url = "https://dl.k8s.io/v1.35.3/bin/linux/amd64/kubectl"

[tools.kubectl."platforms.macos-arm64"]
checksum = "sha256:280651239d84bab214ba83403666bf6976a5fa0dbdb41404f26eb6f276d34963"
url = "https://dl.k8s.io/v1.35.3/bin/darwin/arm64/kubectl"

[tools.kubectl."platforms.windows-arm64"]
checksum = "sha256:7f2d923aa852a8e909568f45da5780f6783007354ae11e6ab8001bc86c8c75aa"
url = "https://dl.k8s.io/v1.35.3/bin/windows/arm64/kubectl.exe"

[tools.kubectl."platforms.windows-x64"]
checksum = "sha256:6c367f9c34be9a13a94eb523dd62006973e1d051adea7d6bcf800dde3f6e84df"
url = "https://dl.k8s.io/v1.35.3/bin/windows/amd64/kubectl.exe"

[[tools.kustomize]]
version = "5.8.1"
backend = "aqua:kubernetes-sigs/kustomize"

[tools.kustomize."platforms.linux-arm64"]
checksum = "sha256:0953ea3e476f66d6ddfcd911d750f5167b9365aa9491b2326398e289fef2c142"
url = "https://github.com/kubernetes-sigs/kustomize/releases/download/kustomize/v5.8.1/kustomize_v5.8.1_linux_arm64.tar.gz"

[tools.kustomize."platforms.linux-x64"]
checksum = "sha256:029a7f0f4e1932c52a0476cf02a0fd855c0bb85694b82c338fc648dcb53a819d"
url = "https://github.com/kubernetes-sigs/kustomize/releases/download/kustomize/v5.8.1/kustomize_v5.8.1_linux_amd64.tar.gz"

[tools.kustomize."platforms.macos-arm64"]
checksum = "sha256:8886f8a78474e608cc81234f729fda188a9767da23e28925802f00ece2bab288"
url = "https://github.com/kubernetes-sigs/kustomize/releases/download/kustomize/v5.8.1/kustomize_v5.8.1_darwin_arm64.tar.gz"

[tools.kustomize."platforms.windows-arm64"]
checksum = "sha256:f6f5090c373965760a30a59af84c81853b80d2c7dbb3236424f440e47eed3f5a"
url = "https://github.com/kubernetes-sigs/kustomize/releases/download/kustomize/v5.8.1/kustomize_v5.8.1_windows_arm64.zip"

[tools.kustomize."platforms.windows-x64"]
checksum = "sha256:8ec7f5e815e526d4622c06df0a7793d8cfb6eb1c74f816b46166097fef8b26c6"
url = "https://github.com/kubernetes-sigs/kustomize/releases/download/kustomize/v5.8.1/kustomize_v5.8.1_windows_amd64.zip"

[[tools.node]]
version = "24.14.1"
backend = "core:node"

[tools.node."platforms.linux-arm64"]
checksum = "sha256:734ff04fa7f8ed2e8a78d40cacf5ac3fc4515dac2858757cbab313eb483ba8a2"
url = "https://nodejs.org/dist/v24.14.1/node-v24.14.1-linux-arm64.tar.gz"

[tools.node."platforms.linux-x64"]
checksum = "sha256:ace9fa104992ed0829642629c46ca7bd7fd6e76278cb96c958c4b387d29658ea"
url = "https://nodejs.org/dist/v24.14.1/node-v24.14.1-linux-x64.tar.gz"

[tools.node."platforms.macos-arm64"]
checksum = "sha256:25495ff85bd89e2d8a24d88566d7e2f827c6b0d3d872b2cebf75371f93fcb1fe"
url = "https://nodejs.org/dist/v24.14.1/node-v24.14.1-darwin-arm64.tar.gz"

[tools.node."platforms.windows-arm64"]
checksum = "sha256:a7b7c68490e4a8cde1921fe5a0cfb3001d53f9c839e416903e4f28e727b62f60"
url = "https://nodejs.org/dist/v24.14.1/node-v24.14.1-win-arm64.zip"

[tools.node."platforms.windows-x64"]
checksum = "sha256:6e50ce5498c0cebc20fd39ab3ff5df836ed2f8a31aa093cecad8497cff126d70"
url = "https://nodejs.org/dist/v24.14.1/node-v24.14.1-win-x64.zip"

[[tools.ripgrep]]
version = "15.1.0"
backend = "aqua:BurntSushi/ripgrep"

[tools.ripgrep."platforms.linux-arm64"]
checksum = "sha256:2b661c6ef508e902f388e9098d9c4c5aca72c87b55922d94abdba830b4dc885e"
url = "https://github.com/BurntSushi/ripgrep/releases/download/15.1.0/ripgrep-15.1.0-aarch64-unknown-linux-gnu.tar.gz"

[tools.ripgrep."platforms.linux-x64"]
checksum = "sha256:1c9297be4a084eea7ecaedf93eb03d058d6faae29bbc57ecdaf5063921491599"
url = "https://github.com/BurntSushi/ripgrep/releases/download/15.1.0/ripgrep-15.1.0-x86_64-unknown-linux-musl.tar.gz"

[tools.ripgrep."platforms.macos-arm64"]
checksum = "sha256:378e973289176ca0c6054054ee7f631a065874a352bf43f0fa60ef079b6ba715"
url = "https://github.com/BurntSushi/ripgrep/releases/download/15.1.0/ripgrep-15.1.0-aarch64-apple-darwin.tar.gz"

[tools.ripgrep."platforms.windows-arm64"]
checksum = "sha256:124510b94b6baa3380d051fdf4650eaa80a302c876d611e9dba0b2e18d87493a"
url = "https://github.com/BurntSushi/ripgrep/releases/download/15.1.0/ripgrep-15.1.0-x86_64-pc-windows-msvc.zip"

[tools.ripgrep."platforms.windows-x64"]
checksum = "sha256:124510b94b6baa3380d051fdf4650eaa80a302c876d611e9dba0b2e18d87493a"
url = "https://github.com/BurntSushi/ripgrep/releases/download/15.1.0/ripgrep-15.1.0-x86_64-pc-windows-msvc.zip"

[[tools.rust]]
version = "1.94.1"
backend = "core:rust"

[[tools.sqlc]]
version = "1.30.0"
backend = "github:sqlc-dev/sqlc"

[tools.sqlc."platforms.linux-arm64"]
checksum = "sha256:dd9ab43b022ba3b3402054f99d7ae6e5efea33c949e869c3c66b214415e0c82d"
url = "https://github.com/sqlc-dev/sqlc/releases/download/v1.30.0/sqlc_1.30.0_linux_arm64.tar.gz"
url_api = "https://api.github.com/repos/sqlc-dev/sqlc/releases/assets/288589120"

[tools.sqlc."platforms.linux-x64"]
checksum = "sha256:468aecee071bfe55e97fcbcac52ea0208eeca444f67736f3b8f0f3d6a106132e"
url = "https://github.com/sqlc-dev/sqlc/releases/download/v1.30.0/sqlc_1.30.0_linux_amd64.tar.gz"
url_api = "https://api.github.com/repos/sqlc-dev/sqlc/releases/assets/288589112"

[tools.sqlc."platforms.macos-arm64"]
checksum = "sha256:ff18793b97715d08dde364446f43082a06da87b7797b9ec79ef2b31aeb0894e5"
url = "https://github.com/sqlc-dev/sqlc/releases/download/v1.30.0/sqlc_1.30.0_darwin_arm64.tar.gz"
url_api = "https://api.github.com/repos/sqlc-dev/sqlc/releases/assets/288589106"

[tools.sqlc."platforms.windows-x64"]
checksum = "sha256:1f18956ac8b38740420d5ab275df3425ee62e154310aee2dc42d5457181a2c06"
url = "https://github.com/sqlc-dev/sqlc/releases/download/v1.30.0/sqlc_1.30.0_windows_amd64.zip"
url_api = "https://api.github.com/repos/sqlc-dev/sqlc/releases/assets/288589288"

[[tools.terraform]]
version = "1.14.8"
backend = "aqua:hashicorp/terraform"

[tools.terraform."platforms.linux-arm64"]
checksum = "sha256:c953171cde6b25ca0448c3b29a90d2f46c0310121e18742ec8f89631768e770c"
url = "https://releases.hashicorp.com/terraform/1.14.8/terraform_1.14.8_linux_arm64.zip"

[tools.terraform."platforms.linux-x64"]
checksum = "sha256:56a5d12f47cbc1c6bedb8f5426ae7d5df984d1929572c24b56f4c82e9f9bf709"
url = "https://releases.hashicorp.com/terraform/1.14.8/terraform_1.14.8_linux_amd64.zip"

[tools.terraform."platforms.macos-arm64"]
checksum = "sha256:5593670a2d42323847bfb216db17c73a44df201a62f7587928bae16adeabba23"
url = "https://releases.hashicorp.com/terraform/1.14.8/terraform_1.14.8_darwin_arm64.zip"

[tools.terraform."platforms.windows-arm64"]
checksum = "sha256:26dd7593d22e9d99ec09380f0869718f649be7b7f954d888611335e6a84961f8"
url = "https://releases.hashicorp.com/terraform/1.14.8/terraform_1.14.8_windows_arm64.zip"

[tools.terraform."platforms.windows-x64"]
checksum = "sha256:a237008008019589c600ecb0ae0842c9ea4ca5601f7c54ddbc64d274037b0abb"
url = "https://releases.hashicorp.com/terraform/1.14.8/terraform_1.14.8_windows_amd64.zip"

[[tools.trivy]]
version = "0.69.3"
backend = "aqua:aquasecurity/trivy"

[tools.trivy."platforms.linux-arm64"]
checksum = "sha256:7e3924a974e912e57b4a99f65ece7931f8079584dae12eb7845024f97087bdfd"
url = "https://github.com/aquasecurity/trivy/releases/download/v0.69.3/trivy_0.69.3_Linux-ARM64.tar.gz"
provenance = "cosign"

[tools.trivy."platforms.linux-x64"]
checksum = "sha256:1816b632dfe529869c740c0913e36bd1629cb7688bd5634f4a858c1d57c88b75"
url = "https://github.com/aquasecurity/trivy/releases/download/v0.69.3/trivy_0.69.3_Linux-64bit.tar.gz"
provenance = "cosign"

[tools.trivy."platforms.macos-arm64"]
checksum = "sha256:a2f2179afd4f8bb265ca3c7aefb56a666bc4a9a411663bc0f22c3549fbc643a5"
url = "https://github.com/aquasecurity/trivy/releases/download/v0.69.3/trivy_0.69.3_macOS-ARM64.tar.gz"
provenance = "cosign"

[tools.trivy."platforms.windows-arm64"]
checksum = "sha256:74362dc711383255308230ecbeb587eb1e4e83a8d332be5b0259afac6e0c2224"
url = "https://github.com/aquasecurity/trivy/releases/download/v0.69.3/trivy_0.69.3_windows-64bit.zip"
provenance = "cosign"

[tools.trivy."platforms.windows-x64"]
checksum = "sha256:74362dc711383255308230ecbeb587eb1e4e83a8d332be5b0259afac6e0c2224"
url = "https://github.com/aquasecurity/trivy/releases/download/v0.69.3/trivy_0.69.3_windows-64bit.zip"
provenance = "cosign"

[[tools.uv]]
version = "0.11.6"
backend = "aqua:astral-sh/uv"

[tools.uv."platforms.linux-arm64"]
checksum = "sha256:d14ebd6f200047264152daaf97b8bd36c7885a5033e9e8bba8366cb0049c0d00"
url = "https://github.com/astral-sh/uv/releases/download/0.11.6/uv-aarch64-unknown-linux-musl.tar.gz"
provenance = "github-attestations"

[tools.uv."platforms.linux-x64"]
checksum = "sha256:aa342a53abe42364093506d7704214d2cdca30b916843e520bc67759a5d20132"
url = "https://github.com/astral-sh/uv/releases/download/0.11.6/uv-x86_64-unknown-linux-musl.tar.gz"
provenance = "github-attestations"

[tools.uv."platforms.macos-arm64"]
checksum = "sha256:4b69a4e366ec38cd5f305707de95e12951181c448679a00dce2a78868dfc9f5b"
url = "https://github.com/astral-sh/uv/releases/download/0.11.6/uv-aarch64-apple-darwin.tar.gz"
provenance = "github-attestations"

[tools.uv."platforms.windows-arm64"]
checksum = "sha256:99aa60edd017a256dbf378f372d1cff3292dbc6696e0ea01716d9158d773ab77"
url = "https://github.com/astral-sh/uv/releases/download/0.11.6/uv-x86_64-pc-windows-msvc.zip"
provenance = "github-attestations"

[tools.uv."platforms.windows-x64"]
checksum = "sha256:99aa60edd017a256dbf378f372d1cff3292dbc6696e0ea01716d9158d773ab77"
url = "https://github.com/astral-sh/uv/releases/download/0.11.6/uv-x86_64-pc-windows-msvc.zip"
provenance = "github-attestations"

[[tools.yq]]
version = "4.52.5"
backend = "aqua:mikefarah/yq"

[tools.yq."platforms.linux-arm64"]
checksum = "sha256:90fa510c50ee8ca75544dbfffed10c88ed59b36834df35916520cddc623d9aaa"
url = "https://github.com/mikefarah/yq/releases/download/v4.52.5/yq_linux_arm64"

[tools.yq."platforms.linux-x64"]
checksum = "sha256:75d893a0d5940d1019cb7cdc60001d9e876623852c31cfc6267047bc31149fa9"
url = "https://github.com/mikefarah/yq/releases/download/v4.52.5/yq_linux_amd64"

[tools.yq."platforms.macos-arm64"]
checksum = "sha256:45a12e64d4bd8a31c72ee1b889e81f1b1110e801baad3d6f030c111db0068de0"
url = "https://github.com/mikefarah/yq/releases/download/v4.52.5/yq_darwin_arm64"

[tools.yq."platforms.windows-arm64"]
checksum = "sha256:236867affa7f18701d4c763cf16b6df962cf4f7e89a8570a5954cf94a38f41c7"
url = "https://github.com/mikefarah/yq/releases/download/v4.52.5/yq_windows_arm64.exe"

[tools.yq."platforms.windows-x64"]
checksum = "sha256:47594981f3848a4b4447494adeca9555f908f7cf0a89c4da3fd0243a4631da1c"
url = "https://github.com/mikefarah/yq/releases/download/v4.52.5/yq_windows_amd64.exe"

[[tools.zoxide]]
version = "0.9.9"
backend = "aqua:ajeetdsouza/zoxide"

[tools.zoxide."platforms.linux-arm64"]
checksum = "sha256:96e6ea2e47a71db42cb7ad5a36e9209c8cb3708f8ae00f6945573d0d93315cb0"
url = "https://github.com/ajeetdsouza/zoxide/releases/download/v0.9.9/zoxide-0.9.9-aarch64-unknown-linux-musl.tar.gz"

[tools.zoxide."platforms.linux-x64"]
checksum = "sha256:4ff057d3c4d957946937274c2b8be7af2a9bbae7f90a1b5e9baaa7cb65a20caa"
url = "https://github.com/ajeetdsouza/zoxide/releases/download/v0.9.9/zoxide-0.9.9-x86_64-unknown-linux-musl.tar.gz"

[tools.zoxide."platforms.macos-arm64"]
checksum = "sha256:57e733d0436309dae2ed97e46bba43937209395298e1d88812d4e893900cb40a"
url = "https://github.com/ajeetdsouza/zoxide/releases/download/v0.9.9/zoxide-0.9.9-aarch64-apple-darwin.tar.gz"

[tools.zoxide."platforms.windows-arm64"]
checksum = "sha256:58c55ef6f0ead099fbb31ed69566118d7c7c7a4e16c858bbdb4f7def40cd534b"
url = "https://github.com/ajeetdsouza/zoxide/releases/download/v0.9.9/zoxide-0.9.9-aarch64-pc-windows-msvc.zip"

[tools.zoxide."platforms.windows-x64"]
checksum = "sha256:5af00d0916f05631e3030537289eac56605e7c1733318c4d525c8e847f12496d"
url = "https://github.com/ajeetdsouza/zoxide/releases/download/v0.9.9/zoxide-0.9.9-x86_64-pc-windows-msvc.zip"
