# @generated - this file is auto-generated by `mise lock` https://mise.jdx.dev/dev-tools/mise-lock.html

[[tools.1password]]
version = "2.39.0"
backend = "vfox:mise-plugins/vfox-1password"

[tools.1password."platforms.linux-arm64"]
url = "https://cache.agilebits.com/dist/1P/op2/pkg/v2.39.0/op_linux_arm64_v2.39.0.zip"

[tools.1password."platforms.linux-x64"]
url = "https://cache.agilebits.com/dist/1P/op2/pkg/v2.39.0/op_linux_amd64_v2.39.0.zip"

[tools.1password."platforms.macos-arm64"]
url = "https://cache.agilebits.com/dist/1P/op2/pkg/v2.39.0/op_darwin_arm64_v2.39.0.zip"

[tools.1password."platforms.windows-x64"]
url = "https://cache.agilebits.com/dist/1P/op2/pkg/v2.39.0/op_windows_amd64_v2.39.0.zip"

[[tools.azure-kubelogin]]
version = "0.2.19"
backend = "aqua:Azure/kubelogin"

[tools.azure-kubelogin."platforms.linux-arm64"]
checksum = "sha256:aad7e7ca2a8e67db15b110e535123c1bc0f31ef488f5d3ab5b9ae7c9de6f48d3"
url = "https://github.com/Azure/kubelogin/releases/download/v0.2.19/kubelogin-linux-arm64.zip"
url_api = "https://api.github.com/repos/Azure/kubelogin/releases/assets/455849065"

[tools.azure-kubelogin."platforms.linux-x64"]
checksum = "sha256:ebaeff02aa899c5cae6a2b954b64fc02738185319df2570f7dc053451efa4b2f"
url = "https://github.com/Azure/kubelogin/releases/download/v0.2.19/kubelogin-linux-amd64.zip"
url_api = "https://api.github.com/repos/Azure/kubelogin/releases/assets/455849038"

[tools.azure-kubelogin."platforms.macos-arm64"]
checksum = "sha256:dd46ad1d9bd9f7c55e4d7a353e648a194dced7fced85ca463b79dbede96af945"
url = "https://github.com/Azure/kubelogin/releases/download/v0.2.19/kubelogin-darwin-arm64.zip"
url_api = "https://api.github.com/repos/Azure/kubelogin/releases/assets/455849010"

[tools.azure-kubelogin."platforms.windows-arm64"]
checksum = "sha256:55d862722bd755ede21e3f0ed7b3c863af3620b0fb417d17ef14299cbb7f21e9"
url = "https://github.com/Azure/kubelogin/releases/download/v0.2.19/kubelogin-win-arm64.zip"
url_api = "https://api.github.com/repos/Azure/kubelogin/releases/assets/455848951"

[tools.azure-kubelogin."platforms.windows-x64"]
checksum = "sha256:0353ff15fa534e610d10b7a7c55d3f10d693bc2fab4d3ec7f7564db6efd22ae4"
url = "https://github.com/Azure/kubelogin/releases/download/v0.2.19/kubelogin-win-amd64.zip"
url_api = "https://api.github.com/repos/Azure/kubelogin/releases/assets/455848941"

[[tools.bat]]
version = "0.26.1"
backend = "aqua:sharkdp/bat"

[tools.bat."platforms.linux-arm64"]
checksum = "sha256:6369242c584065f195fb20cb36fbd7cb63ae690605bbe89868a7596b596c2c23"
url = "https://github.com/sharkdp/bat/releases/download/v0.26.1/bat-v0.26.1-aarch64-unknown-linux-musl.tar.gz"
url_api = "https://api.github.com/repos/sharkdp/bat/releases/assets/323548153"

[tools.bat."platforms.linux-x64"]
checksum = "sha256:0dcd8ac79732c0d5b136f11f4ee00e581440e16a44eab5b3105b611bbf2cf191"
url = "https://github.com/sharkdp/bat/releases/download/v0.26.1/bat-v0.26.1-x86_64-unknown-linux-musl.tar.gz"
url_api = "https://api.github.com/repos/sharkdp/bat/releases/assets/323549429"

[tools.bat."platforms.macos-arm64"]
checksum = "sha256:e30beff26779c9bf60bb541e1d79046250cb74378f2757f8eb250afddb19e114"
url = "https://github.com/sharkdp/bat/releases/download/v0.26.1/bat-v0.26.1-aarch64-apple-darwin.tar.gz"
url_api = "https://api.github.com/repos/sharkdp/bat/releases/assets/323548442"

[tools.bat."platforms.windows-arm64"]
checksum = "sha256:0f729b4b6f5f28d395c641eacc2e9ff68d0096b85aa0eec344aa62425144b69b"
url = "https://github.com/sharkdp/bat/releases/download/v0.26.1/bat-v0.26.1-x86_64-pc-windows-msvc.zip"
url_api = "https://api.github.com/repos/sharkdp/bat/releases/assets/323549116"

[tools.bat."platforms.windows-x64"]
checksum = "sha256:0f729b4b6f5f28d395c641eacc2e9ff68d0096b85aa0eec344aa62425144b69b"
url = "https://github.com/sharkdp/bat/releases/download/v0.26.1/bat-v0.26.1-x86_64-pc-windows-msvc.zip"
url_api = "https://api.github.com/repos/sharkdp/bat/releases/assets/323549116"

[[tools.bun]]
version = "1.4.0"
backend = "core:bun"

[tools.bun."platforms.linux-arm64"]
checksum = "sha256:4b1a332ee861983eb93bcfe6f770fff94e3e31b2c388bdaea3c8ed35e58eed0e"
url = "https://github.com/oven-sh/bun/releases/download/bun-v1.4.0/bun-linux-aarch64.zip"

[tools.bun."platforms.linux-arm64-musl"]
checksum = "sha256:576300ce33ff16ffcd455bf178c2f095f9df845c6cc3d0284ba1c96ca0e80473"
url = "https://github.com/oven-sh/bun/releases/download/bun-v1.4.0/bun-linux-aarch64-musl.zip"

[tools.bun."platforms.linux-x64"]
checksum = "sha256:2d03fb5fb83ac8b567aca0a281b2ce1a1a19d488f56c2968d88c3f25e92fe452"
url = "https://github.com/oven-sh/bun/releases/download/bun-v1.4.0/bun-linux-x64.zip"

[tools.bun."platforms.linux-x64-baseline"]
checksum = "sha256:184fb4595f0d401a217cf7c78c1bc430ba83314dab7a8b94805babbf7fa7097f"
url = "https://github.com/oven-sh/bun/releases/download/bun-v1.4.0/bun-linux-x64-baseline.zip"

[tools.bun."platforms.linux-x64-musl"]
checksum = "sha256:83b5f12fd258dd8d4fdcaea65ede954366aa717dab399e20093ecab280d54e7a"
url = "https://github.com/oven-sh/bun/releases/download/bun-v1.4.0/bun-linux-x64-musl.zip"

[tools.bun."platforms.linux-x64-musl-baseline"]
checksum = "sha256:618c4bc1f94b02337ee210003c0b7c066f11548a8cdc5109df10db043dc47ca2"
url = "https://github.com/oven-sh/bun/releases/download/bun-v1.4.0/bun-linux-x64-musl-baseline.zip"

[tools.bun."platforms.macos-arm64"]
checksum = "sha256:c669e97f6164e1c96e0701748db98dfa77492908cbd8394c7557134a735de381"
url = "https://github.com/oven-sh/bun/releases/download/bun-v1.4.0/bun-darwin-aarch64.zip"

[tools.bun."platforms.windows-arm64"]
checksum = "sha256:f473bfe2df73ee770548c93dd5d380aea7120c218ec2aa1afdd0bbba7bf18c47"
url = "https://github.com/oven-sh/bun/releases/download/bun-v1.4.0/bun-windows-aarch64.zip"

[tools.bun."platforms.windows-x64"]
checksum = "sha256:e6f093d39da486b20262ca8cdd5ed6a9e8bc9c2f275b78e6d3a0c5b28cc95901"
url = "https://github.com/oven-sh/bun/releases/download/bun-v1.4.0/bun-windows-x64.zip"

[tools.bun."platforms.windows-x64-baseline"]
checksum = "sha256:b929c54a9badb104a16dedd23aab6152c86793ae653d4e6b13983ffd0c882a66"
url = "https://github.com/oven-sh/bun/releases/download/bun-v1.4.0/bun-windows-x64-baseline.zip"

[[tools.cargo-make]]
version = "0.37.24"
backend = "aqua:sagiegurari/cargo-make"

[tools.cargo-make."platforms.linux-x64"]
url = "https://github.com/sagiegurari/cargo-make/releases/download/0.37.24/cargo-make-v0.37.24-x86_64-unknown-linux-musl.zip"
url_api = "https://api.github.com/repos/sagiegurari/cargo-make/releases/assets/221410696"

[tools.cargo-make."platforms.macos-arm64"]
url = "https://github.com/sagiegurari/cargo-make/releases/download/0.37.24/cargo-make-v0.37.24-aarch64-apple-darwin.zip"
url_api = "https://api.github.com/repos/sagiegurari/cargo-make/releases/assets/221410210"

[tools.cargo-make."platforms.windows-arm64"]
url = "https://github.com/sagiegurari/cargo-make/releases/download/0.37.24/cargo-make-v0.37.24-x86_64-pc-windows-msvc.zip"
url_api = "https://api.github.com/repos/sagiegurari/cargo-make/releases/assets/221410756"

[tools.cargo-make."platforms.windows-x64"]
url = "https://github.com/sagiegurari/cargo-make/releases/download/0.37.24/cargo-make-v0.37.24-x86_64-pc-windows-msvc.zip"
url_api = "https://api.github.com/repos/sagiegurari/cargo-make/releases/assets/221410756"

[[tools.codex]]
version = "0.149.0"
backend = "aqua:openai/codex"

[tools.codex."platforms.linux-arm64"]
checksum = "sha256:dac03e4db966e94f7083b9eb9f95d8b40da9d568fd2fdbb6885b0ea7d5b0d97f"
url = "https://github.com/openai/codex/releases/download/rust-v0.149.0/codex-package-aarch64-unknown-linux-musl.tar.gz"
url_api = "https://api.github.com/repos/openai/codex/releases/assets/522789114"

[tools.codex."platforms.linux-x64"]
checksum = "sha256:1c08ba262820b78d49ea7a93f326b6b430b72e5fe46830e433edef12e5123244"
url = "https://github.com/openai/codex/releases/download/rust-v0.149.0/codex-package-x86_64-unknown-linux-musl.tar.gz"
url_api = "https://api.github.com/repos/openai/codex/releases/assets/522789085"

[tools.codex."platforms.macos-arm64"]
checksum = "sha256:6c7589a52fe90e3742e35662115a4c55c39715601df0d41345ba8ec8f4221d4e"
url = "https://github.com/openai/codex/releases/download/rust-v0.149.0/codex-package-aarch64-apple-darwin.tar.gz"
url_api = "https://api.github.com/repos/openai/codex/releases/assets/522789134"

[tools.codex."platforms.windows-arm64"]
checksum = "sha256:bc470b4b90654c38ee52716056d6d5fc19a49afd08f419328034f4f324536459"
url = "https://github.com/openai/codex/releases/download/rust-v0.149.0/codex-package-x86_64-pc-windows-msvc.tar.gz"
url_api = "https://api.github.com/repos/openai/codex/releases/assets/522789078"

[tools.codex."platforms.windows-x64"]
checksum = "sha256:bc470b4b90654c38ee52716056d6d5fc19a49afd08f419328034f4f324536459"
url = "https://github.com/openai/codex/releases/download/rust-v0.149.0/codex-package-x86_64-pc-windows-msvc.tar.gz"
url_api = "https://api.github.com/repos/openai/codex/releases/assets/522789078"

[[tools.cosign]]
version = "3.1.3"
backend = "aqua:sigstore/cosign"

[tools.cosign."platforms.linux-arm64"]
checksum = "sha256:c5d324e091826b0d7a78eb16fef316450b4eb9aaec045611c08ba06f5e73220a"
url = "https://github.com/sigstore/cosign/releases/download/v3.1.3/cosign-linux-arm64"
url_api = "https://api.github.com/repos/sigstore/cosign/releases/assets/503286299"
provenance = "cosign"

[tools.cosign."platforms.linux-x64"]
checksum = "sha256:4629c757b7618056f8ddd7e2625ae9fdd94c0372a65049520bc7d9df9efc7f71"
url = "https://github.com/sigstore/cosign/releases/download/v3.1.3/cosign-linux-amd64"
url_api = "https://api.github.com/repos/sigstore/cosign/releases/assets/503286005"
provenance = "cosign"

[tools.cosign."platforms.macos-arm64"]
checksum = "sha256:5cf948c2f4dfe59687bdd0b8523709067383e03982cc543475c8a7dc70e92a76"
url = "https://github.com/sigstore/cosign/releases/download/v3.1.3/cosign-darwin-arm64"
url_api = "https://api.github.com/repos/sigstore/cosign/releases/assets/503286205"
provenance = "cosign"

[tools.cosign."platforms.windows-arm64"]
checksum = "sha256:9fe59be0eca1271873ce019061335eb1ac419b7059202e797828467ddabe33be"
url = "https://github.com/sigstore/cosign/releases/download/v3.1.3/cosign-windows-amd64.exe"
url_api = "https://api.github.com/repos/sigstore/cosign/releases/assets/503286236"
provenance = "cosign"

[tools.cosign."platforms.windows-x64"]
checksum = "sha256:9fe59be0eca1271873ce019061335eb1ac419b7059202e797828467ddabe33be"
url = "https://github.com/sigstore/cosign/releases/download/v3.1.3/cosign-windows-amd64.exe"
url_api = "https://api.github.com/repos/sigstore/cosign/releases/assets/503286236"
provenance = "cosign"

[[tools.cue]]
version = "0.17.1"
backend = "aqua:cue-lang/cue"

[tools.cue."platforms.linux-arm64"]
checksum = "sha256:0d729be30d52c952ca38fc9dcb692caa09d8463fa0b64df5781312779183fbcd"
url = "https://github.com/cue-lang/cue/releases/download/v0.17.1/cue_v0.17.1_linux_arm64.tar.gz"
url_api = "https://api.github.com/repos/cue-lang/cue/releases/assets/479014345"

[tools.cue."platforms.linux-x64"]
checksum = "sha256:a39b0c97695069d95d276d99be0f5dbabb081d801bfdc9ba49b76efaf94e2369"
url = "https://github.com/cue-lang/cue/releases/download/v0.17.1/cue_v0.17.1_linux_amd64.tar.gz"
url_api = "https://api.github.com/repos/cue-lang/cue/releases/assets/479014346"

[tools.cue."platforms.macos-arm64"]
checksum = "sha256:64921403f012a97f89494c03605db2fbf7d9daa77dc2631819ac4406cb2e8074"
url = "https://github.com/cue-lang/cue/releases/download/v0.17.1/cue_v0.17.1_darwin_arm64.tar.gz"
url_api = "https://api.github.com/repos/cue-lang/cue/releases/assets/479014347"

[tools.cue."platforms.windows-arm64"]
checksum = "sha256:db88b2c302be1829e653e20ea87e3f1adc10ae2052d58fe87d21d0ed97102e51"
url = "https://github.com/cue-lang/cue/releases/download/v0.17.1/cue_v0.17.1_windows_arm64.zip"
url_api = "https://api.github.com/repos/cue-lang/cue/releases/assets/479014343"

[tools.cue."platforms.windows-x64"]
checksum = "sha256:9f15378dc52b9a1bb6fa1755adc0410c9f17f330a621b784a5b31fdbc91c6d7a"
url = "https://github.com/cue-lang/cue/releases/download/v0.17.1/cue_v0.17.1_windows_amd64.zip"
url_api = "https://api.github.com/repos/cue-lang/cue/releases/assets/479014351"

[[tools.dotnet]]
version = "10.0.400"
backend = "core:dotnet"

[[tools.fzf]]
version = "0.74.3"
backend = "aqua:junegunn/fzf"

[tools.fzf."platforms.linux-arm64"]
checksum = "sha256:4a17a17b46bd0c4873e995533de508995c11572c0be0664a5dbcf13f60463046"
url = "https://github.com/junegunn/fzf/releases/download/v0.74.3/fzf-0.74.3-linux_arm64.tar.gz"
url_api = "https://api.github.com/repos/junegunn/fzf/releases/assets/517537065"

[tools.fzf."platforms.linux-x64"]
checksum = "sha256:3501a595e4b5c40a6b047340a0e8f805c46fd4e61ef95ef8a136ba8c61cf6f22"
url = "https://github.com/junegunn/fzf/releases/download/v0.74.3/fzf-0.74.3-linux_amd64.tar.gz"
url_api = "https://api.github.com/repos/junegunn/fzf/releases/assets/517537066"

[tools.fzf."platforms.macos-arm64"]
checksum = "sha256:1f8501cea4f9c0c2d6110d0ff75d0ec9451cd9d7524d9a26244a154ea89f3bd5"
url = "https://github.com/junegunn/fzf/releases/download/v0.74.3/fzf-0.74.3-darwin_arm64.tar.gz"
url_api = "https://api.github.com/repos/junegunn/fzf/releases/assets/517537091"

[tools.fzf."platforms.windows-arm64"]
checksum = "sha256:7d70c25a1229f3bbfcb56b4314f298c16ad61a258f9641b7acf08c513a40bd29"
url = "https://github.com/junegunn/fzf/releases/download/v0.74.3/fzf-0.74.3-windows_arm64.zip"
url_api = "https://api.github.com/repos/junegunn/fzf/releases/assets/517537133"

[tools.fzf."platforms.windows-x64"]
checksum = "sha256:cf5c137d9b391c3988c54af8f5fc490ffbef6f70444651e7d57fdb45ad04c8bd"
url = "https://github.com/junegunn/fzf/releases/download/v0.74.3/fzf-0.74.3-windows_amd64.zip"
url_api = "https://api.github.com/repos/junegunn/fzf/releases/assets/517537078"

[[tools.ghq]]
version = "1.10.1"
backend = "aqua:x-motemen/ghq"

[tools.ghq."platforms.linux-arm64"]
checksum = "sha256:7ed154f62751e91c8a2d415280caeeba3d114050d01e39f3d0f4aa1be15f3954"
url = "https://github.com/x-motemen/ghq/releases/download/v1.10.1/ghq_linux_arm64.zip"
url_api = "https://api.github.com/repos/x-motemen/ghq/releases/assets/394135805"

[tools.ghq."platforms.linux-x64"]
checksum = "sha256:32e380aa8ac76fdd58758cc06174d9ee5db7270bd0cbcc18138b5d36def91b6b"
url = "https://github.com/x-motemen/ghq/releases/download/v1.10.1/ghq_linux_amd64.zip"
url_api = "https://api.github.com/repos/x-motemen/ghq/releases/assets/394135802"

[tools.ghq."platforms.macos-arm64"]
checksum = "sha256:5e3100de0c5a248eebe6ab176ad94d6e12386af70a58c535368a4301861b1398"
url = "https://github.com/x-motemen/ghq/releases/download/v1.10.1/ghq_darwin_arm64.zip"
url_api = "https://api.github.com/repos/x-motemen/ghq/releases/assets/394135804"

[tools.ghq."platforms.windows-arm64"]
checksum = "sha256:a84a149636cf934c3c1773de76f9758cb146e5f376e96d2861cb279176ddb768"
url = "https://github.com/x-motemen/ghq/releases/download/v1.10.1/ghq_windows_arm64.zip"
url_api = "https://api.github.com/repos/x-motemen/ghq/releases/assets/394135803"

[tools.ghq."platforms.windows-x64"]
checksum = "sha256:a526da44d5f67250598fa95e5654815e9f672b2c05d1d98c28bce0e60d3cfa6c"
url = "https://github.com/x-motemen/ghq/releases/download/v1.10.1/ghq_windows_amd64.zip"
url_api = "https://api.github.com/repos/x-motemen/ghq/releases/assets/394135809"

[[tools.github-cli]]
version = "2.98.0"
backend = "aqua:cli/cli"

[tools.github-cli."platforms.linux-arm64"]
checksum = "sha256:cf689084f3a3618f7eae4a2420d335d74626d65f5e594b9828d125d69f800d86"
url = "https://github.com/cli/cli/releases/download/v2.98.0/gh_2.98.0_linux_arm64.tar.gz"
url_api = "https://api.github.com/repos/cli/cli/releases/assets/522857902"
provenance = "github-attestations"

[tools.github-cli."platforms.linux-x64"]
checksum = "sha256:3b8ac6b30336802fc1a858d7c084e11cdf24ac1a761ca90b68022d7d729208de"
url = "https://github.com/cli/cli/releases/download/v2.98.0/gh_2.98.0_linux_amd64.tar.gz"
url_api = "https://api.github.com/repos/cli/cli/releases/assets/522857901"
provenance = "github-attestations"

[tools.github-cli."platforms.macos-arm64"]
checksum = "sha256:8cfb027cc5310675f2b830eac8f9865c1155a45ffcf9757f699fdd5a22046ca4"
url = "https://github.com/cli/cli/releases/download/v2.98.0/gh_2.98.0_macOS_arm64.zip"
url_api = "https://api.github.com/repos/cli/cli/releases/assets/522857972"
provenance = "github-attestations"

[tools.github-cli."platforms.windows-arm64"]
checksum = "sha256:79e53db4e50b5c9594890a1c4d9dc941f6d19f7c3ca6d1f50982eda624607b9b"
url = "https://github.com/cli/cli/releases/download/v2.98.0/gh_2.98.0_windows_arm64.zip"
url_api = "https://api.github.com/repos/cli/cli/releases/assets/522857999"
provenance = "github-attestations"

[tools.github-cli."platforms.windows-x64"]
checksum = "sha256:c28c7b3b584967a05b74d9eaf7481bff24ddc34930bf2d6e442c148236561eb1"
url = "https://github.com/cli/cli/releases/download/v2.98.0/gh_2.98.0_windows_amd64.zip"
url_api = "https://api.github.com/repos/cli/cli/releases/assets/522857996"
provenance = "github-attestations"

[[tools.gitleaks]]
version = "8.30.1"
backend = "aqua:gitleaks/gitleaks"

[tools.gitleaks."platforms.linux-arm64"]
checksum = "sha256:e4a487ee7ccd7d3a7f7ec08657610aa3606637dab924210b3aee62570fb4b080"
url = "https://github.com/gitleaks/gitleaks/releases/download/v8.30.1/gitleaks_8.30.1_linux_arm64.tar.gz"
url_api = "https://api.github.com/repos/gitleaks/gitleaks/releases/assets/378332057"

[tools.gitleaks."platforms.linux-x64"]
checksum = "sha256:551f6fc83ea457d62a0d98237cbad105af8d557003051f41f3e7ca7b3f2470eb"
url = "https://github.com/gitleaks/gitleaks/releases/download/v8.30.1/gitleaks_8.30.1_linux_x64.tar.gz"
url_api = "https://api.github.com/repos/gitleaks/gitleaks/releases/assets/378332058"

[tools.gitleaks."platforms.macos-arm64"]
checksum = "sha256:b40ab0ae55c505963e365f271a8d3846efbc170aa17f2607f13df610a9aeb6a5"
url = "https://github.com/gitleaks/gitleaks/releases/download/v8.30.1/gitleaks_8.30.1_darwin_arm64.tar.gz"
url_api = "https://api.github.com/repos/gitleaks/gitleaks/releases/assets/378332059"

[tools.gitleaks."platforms.windows-arm64"]
checksum = "sha256:d29144deff3a68aa93ced33dddf84b7fdc26070add4aa0f4513094c8332afc4e"
url = "https://github.com/gitleaks/gitleaks/releases/download/v8.30.1/gitleaks_8.30.1_windows_x64.zip"
url_api = "https://api.github.com/repos/gitleaks/gitleaks/releases/assets/378333178"

[tools.gitleaks."platforms.windows-x64"]
checksum = "sha256:d29144deff3a68aa93ced33dddf84b7fdc26070add4aa0f4513094c8332afc4e"
url = "https://github.com/gitleaks/gitleaks/releases/download/v8.30.1/gitleaks_8.30.1_windows_x64.zip"
url_api = "https://api.github.com/repos/gitleaks/gitleaks/releases/assets/378333178"

[[tools.go]]
version = "1.27.0"
backend = "core:go"

[tools.go."platforms.linux-arm64"]
checksum = "sha256:51798d2c42d0e1c6ed7fd9f48728b4193abac9e8aad6dbac2fe96a81f5909bda"
url = "https://dl.google.com/go/go1.27.0.linux-arm64.tar.gz"

[tools.go."platforms.linux-x64"]
checksum = "sha256:675c26c449cbb18fc24b74650de1eabbae6e16f64326fd85a283fb3b58280685"
url = "https://dl.google.com/go/go1.27.0.linux-amd64.tar.gz"

[tools.go."platforms.macos-arm64"]
checksum = "sha256:90493b3bbd5e10f91d12153198bf1994fd756399b4fec93b49b0c6e2acdeeb3e"
url = "https://dl.google.com/go/go1.27.0.darwin-arm64.tar.gz"

[tools.go."platforms.windows-arm64"]
checksum = "sha256:6e0156b9788209931dd340fadc04171ce15063c17b51c92e7b86b51109626e90"
url = "https://dl.google.com/go/go1.27.0.windows-arm64.zip"

[tools.go."platforms.windows-x64"]
checksum = "sha256:f0c0a0d33ba94f4d2c5dbc887334ce678b21813504ddb3aafcb06e60a5a667c4"
url = "https://dl.google.com/go/go1.27.0.windows-amd64.zip"

[[tools.golangci-lint]]
version = "2.13.1"
backend = "aqua:golangci/golangci-lint"

[tools.golangci-lint."platforms.linux-arm64"]
checksum = "sha256:908317c23db18448f924e853b3d8a659fd919614cd438f224810a4053daa2607"
url = "https://github.com/golangci/golangci-lint/releases/download/v2.13.1/golangci-lint-2.13.1-linux-arm64.tar.gz"
url_api = "https://api.github.com/repos/golangci/golangci-lint/releases/assets/522396912"
provenance = "github-attestations"

[tools.golangci-lint."platforms.linux-x64"]
checksum = "sha256:b17bfbc9d4aaa48be7f4f1ce3240bc3d8200c870c072bacf15c26219e2cfb9cc"
url = "https://github.com/golangci/golangci-lint/releases/download/v2.13.1/golangci-lint-2.13.1-linux-amd64.tar.gz"
url_api = "https://api.github.com/repos/golangci/golangci-lint/releases/assets/522396872"
provenance = "github-attestations"

[tools.golangci-lint."platforms.macos-arm64"]
checksum = "sha256:0c9818baf6fb8ad26c6d2ef51b68d5a1e260ef07727036b1431647cc44637c7c"
url = "https://github.com/golangci/golangci-lint/releases/download/v2.13.1/golangci-lint-2.13.1-darwin-arm64.tar.gz"
url_api = "https://api.github.com/repos/golangci/golangci-lint/releases/assets/522396798"
provenance = "github-attestations"

[tools.golangci-lint."platforms.windows-arm64"]
checksum = "sha256:88ee9636ab1eeaff9384a8894b377fb8c2f4a820310ffa2ff5bafb1173dc87ce"
url = "https://github.com/golangci/golangci-lint/releases/download/v2.13.1/golangci-lint-2.13.1-windows-arm64.zip"
url_api = "https://api.github.com/repos/golangci/golangci-lint/releases/assets/522396908"
provenance = "github-attestations"

[tools.golangci-lint."platforms.windows-x64"]
checksum = "sha256:cc119bdd57d2b35ce36fbc174b54949e1a1e45f2cadaf64372cc799cabaf88a9"
url = "https://github.com/golangci/golangci-lint/releases/download/v2.13.1/golangci-lint-2.13.1-windows-amd64.zip"
url_api = "https://api.github.com/repos/golangci/golangci-lint/releases/assets/522396821"
provenance = "github-attestations"

[[tools.helm]]
version = "4.2.4"
backend = "aqua:helm/helm"

[tools.helm."platforms.linux-arm64"]
checksum = "sha256:564de2191b881e9f71b5606b25345821ea1682f06ab90499d3ab22b530176da1"
url = "https://get.helm.sh/helm-v4.2.4-linux-arm64.tar.gz"

[tools.helm."platforms.linux-x64"]
checksum = "sha256:c306b46f719b0a4da32d0f78ee21bf90ce8d602f15b22ab753f0674d1670a7f3"
url = "https://get.helm.sh/helm-v4.2.4-linux-amd64.tar.gz"

[tools.helm."platforms.macos-arm64"]
checksum = "sha256:d747eb4e28bd2727173d15b759fa0a17822291ec09db7ced3d55af290a3661a2"
url = "https://get.helm.sh/helm-v4.2.4-darwin-arm64.tar.gz"

[tools.helm."platforms.windows-arm64"]
checksum = "sha256:1f027a0811c6c85cb7eb029ac3bad5d73e286cba623ef355a0c8631ba931abb4"
url = "https://get.helm.sh/helm-v4.2.4-windows-arm64.tar.gz"

[tools.helm."platforms.windows-x64"]
checksum = "sha256:38cbdab1c7d4f0412d571c3aeefc700bcdc7b663be481832a11dfed01ee67c36"
url = "https://get.helm.sh/helm-v4.2.4-windows-amd64.tar.gz"

[[tools.jq]]
version = "1.8.2"
backend = "aqua:jqlang/jq"

[tools.jq."platforms.linux-arm64"]
checksum = "sha256:8b85c817833814ddca00a144c33705546355afccf0cf39b188f3cdb48b852309"
url = "https://github.com/jqlang/jq/releases/download/jq-1.8.2/jq-linux-arm64"
url_api = "https://api.github.com/repos/jqlang/jq/releases/assets/453012756"
provenance = "github-attestations"

[tools.jq."platforms.linux-x64"]
checksum = "sha256:b1c22172dd303f3be49e935aa56aa48a8b7a46e0bc838b4997d3bb451495870f"
url = "https://github.com/jqlang/jq/releases/download/jq-1.8.2/jq-linux-amd64"
url_api = "https://api.github.com/repos/jqlang/jq/releases/assets/453012752"
provenance = "github-attestations"

[tools.jq."platforms.macos-arm64"]
checksum = "sha256:2d75340ba57a4b4b4c8708a21c2dc8e958a48aaa8bba13b27f77f6e4c0eca07e"
url = "https://github.com/jqlang/jq/releases/download/jq-1.8.2/jq-macos-arm64"
url_api = "https://api.github.com/repos/jqlang/jq/releases/assets/453012783"
provenance = "github-attestations"

[tools.jq."platforms.windows-arm64"]
checksum = "sha256:a6fc67fedaf9128a3309a1e2ebb8b986aeccf70122ee46d2cb4849e423f0c627"
url = "https://github.com/jqlang/jq/releases/download/jq-1.8.2/jq-windows-amd64.exe"
url_api = "https://api.github.com/repos/jqlang/jq/releases/assets/453012788"
provenance = "github-attestations"

[tools.jq."platforms.windows-x64"]
checksum = "sha256:a6fc67fedaf9128a3309a1e2ebb8b986aeccf70122ee46d2cb4849e423f0c627"
url = "https://github.com/jqlang/jq/releases/download/jq-1.8.2/jq-windows-amd64.exe"
url_api = "https://api.github.com/repos/jqlang/jq/releases/assets/453012788"
provenance = "github-attestations"

[[tools.kubectl]]
version = "1.36.4"
backend = "aqua:kubernetes/kubernetes/kubectl"

[tools.kubectl."platforms.linux-arm64"]
checksum = "sha256:0ecf44450ee6063bf19dd166a103ee6df4a9034455c2abce626e6eea657d73fb"
url = "https://dl.k8s.io/v1.36.4/bin/linux/arm64/kubectl"

[tools.kubectl."platforms.linux-x64"]
checksum = "sha256:8b8f088da2dab964f853b38464033b1be15ede2839eca751482357c45abdd05a"
url = "https://dl.k8s.io/v1.36.4/bin/linux/amd64/kubectl"

[tools.kubectl."platforms.macos-arm64"]
checksum = "sha256:c9e4f713d6fee0043a3d835cca13077cda2bc0973840eb9779360df0b5bdfc69"
url = "https://dl.k8s.io/v1.36.4/bin/darwin/arm64/kubectl"

[tools.kubectl."platforms.windows-arm64"]
checksum = "sha256:70abac518cdcfc3657d5e997eafb5e27b9b08bb206af54bf75d7848cdaa7730d"
url = "https://dl.k8s.io/v1.36.4/bin/windows/arm64/kubectl.exe"

[tools.kubectl."platforms.windows-x64"]
checksum = "sha256:31947857be7583f3e4e6d889a3fb781ca813a45c20f11ccb3ef309714d01a9f3"
url = "https://dl.k8s.io/v1.36.4/bin/windows/amd64/kubectl.exe"

[[tools.kustomize]]
version = "5.8.1"
backend = "aqua:kubernetes-sigs/kustomize"

[tools.kustomize."platforms.linux-arm64"]
checksum = "sha256:0953ea3e476f66d6ddfcd911d750f5167b9365aa9491b2326398e289fef2c142"
url = "https://github.com/kubernetes-sigs/kustomize/releases/download/kustomize/v5.8.1/kustomize_v5.8.1_linux_arm64.tar.gz"
url_api = "https://api.github.com/repos/kubernetes-sigs/kustomize/releases/assets/353160971"

[tools.kustomize."platforms.linux-x64"]
checksum = "sha256:029a7f0f4e1932c52a0476cf02a0fd855c0bb85694b82c338fc648dcb53a819d"
url = "https://github.com/kubernetes-sigs/kustomize/releases/download/kustomize/v5.8.1/kustomize_v5.8.1_linux_amd64.tar.gz"
url_api = "https://api.github.com/repos/kubernetes-sigs/kustomize/releases/assets/353160972"

[tools.kustomize."platforms.macos-arm64"]
checksum = "sha256:8886f8a78474e608cc81234f729fda188a9767da23e28925802f00ece2bab288"
url = "https://github.com/kubernetes-sigs/kustomize/releases/download/kustomize/v5.8.1/kustomize_v5.8.1_darwin_arm64.tar.gz"
url_api = "https://api.github.com/repos/kubernetes-sigs/kustomize/releases/assets/353160975"

[tools.kustomize."platforms.windows-arm64"]
checksum = "sha256:f6f5090c373965760a30a59af84c81853b80d2c7dbb3236424f440e47eed3f5a"
url = "https://github.com/kubernetes-sigs/kustomize/releases/download/kustomize/v5.8.1/kustomize_v5.8.1_windows_arm64.zip"
url_api = "https://api.github.com/repos/kubernetes-sigs/kustomize/releases/assets/353160981"

[tools.kustomize."platforms.windows-x64"]
checksum = "sha256:8ec7f5e815e526d4622c06df0a7793d8cfb6eb1c74f816b46166097fef8b26c6"
url = "https://github.com/kubernetes-sigs/kustomize/releases/download/kustomize/v5.8.1/kustomize_v5.8.1_windows_amd64.zip"
url_api = "https://api.github.com/repos/kubernetes-sigs/kustomize/releases/assets/353160980"

[[tools.lefthook]]
version = "2.1.11"
backend = "aqua:evilmartians/lefthook"

[tools.lefthook."platforms.linux-arm64"]
checksum = "sha256:94568fb0f7bc62eb7d7b110534f7bb01c5153551a3f364269e742fcfaa0b1c07"
url = "https://github.com/evilmartians/lefthook/releases/download/v2.1.11/lefthook_2.1.11_Linux_aarch64.gz"
url_api = "https://api.github.com/repos/evilmartians/lefthook/releases/assets/523446803"
provenance = "github-attestations"

[tools.lefthook."platforms.linux-x64"]
checksum = "sha256:435aff51fc767a7f135717a4e3e4f3282c15e0a4ca4e2dfd1b54ef8241ee5f3f"
url = "https://github.com/evilmartians/lefthook/releases/download/v2.1.11/lefthook_2.1.11_Linux_x86_64.gz"
url_api = "https://api.github.com/repos/evilmartians/lefthook/releases/assets/523446768"
provenance = "github-attestations"

[tools.lefthook."platforms.macos-arm64"]
checksum = "sha256:2d2b312730f3d900354f5f0eb37abf31ff65a033021be761f25a2eb709c9cdbc"
url = "https://github.com/evilmartians/lefthook/releases/download/v2.1.11/lefthook_2.1.11_MacOS_arm64.gz"
url_api = "https://api.github.com/repos/evilmartians/lefthook/releases/assets/523446757"
provenance = "github-attestations"

[tools.lefthook."platforms.windows-arm64"]
checksum = "sha256:69d2555fcc0c687704c81def8550a027d1e9ff67c905cd70c351b05dc7413056"
url = "https://github.com/evilmartians/lefthook/releases/download/v2.1.11/lefthook_2.1.11_Windows_arm64.gz"
url_api = "https://api.github.com/repos/evilmartians/lefthook/releases/assets/523446763"
provenance = "github-attestations"

[tools.lefthook."platforms.windows-x64"]
checksum = "sha256:df7fb73aca464e455f66ab231965cfb15aaea4ccd45be4af4f7df908fc4077d2"
url = "https://github.com/evilmartians/lefthook/releases/download/v2.1.11/lefthook_2.1.11_Windows_x86_64.gz"
url_api = "https://api.github.com/repos/evilmartians/lefthook/releases/assets/523446762"
provenance = "github-attestations"

[[tools.node]]
version = "24.19.0"
backend = "core:node"

[tools.node."platforms.linux-arm64"]
checksum = "sha256:d28c8a5bf0a808f0ed434a1dce8c54ae98f0371c0bd86ac58abc613f73e6643f"
url = "https://nodejs.org/dist/v24.19.0/node-v24.19.0-linux-arm64.tar.gz"

[tools.node."platforms.linux-x64"]
checksum = "sha256:f625d97cd707df4ff96254916fbc5ff014f09c09effe5a1e0ca8f6d41a8789d4"
url = "https://nodejs.org/dist/v24.19.0/node-v24.19.0-linux-x64.tar.gz"

[tools.node."platforms.macos-arm64"]
checksum = "sha256:8294b7aa9b03997481c06babf1e8b270c859358f27da57a11509afe537ac381d"
url = "https://nodejs.org/dist/v24.19.0/node-v24.19.0-darwin-arm64.tar.gz"

[tools.node."platforms.windows-arm64"]
checksum = "sha256:8502f4a50b458d4cc38ed8f2001556c2cd239d464920f74017926ccb1e1c157f"
url = "https://nodejs.org/dist/v24.19.0/node-v24.19.0-win-arm64.zip"

[tools.node."platforms.windows-x64"]
checksum = "sha256:57f71ab3652e797d84acddc79c81cc9ff1c6ddb2a1974cdb83f00fee9bff4c73"
url = "https://nodejs.org/dist/v24.19.0/node-v24.19.0-win-x64.zip"

[[tools."npm:typescript"]]
version = "7.0.2"
backend = "npm:typescript"

[[tools."npm:typescript-language-server"]]
version = "5.3.0"
backend = "npm:typescript-language-server"

[tools."npm:typescript-language-server".options]
trust_policy_excludes = '["typescript-language-server@5.3.0"]'

[[tools.pnpm]]
version = "11.24.0"
backend = "aqua:pnpm/pnpm"

[tools.pnpm."platforms.linux-arm64"]
checksum = "sha256:52f9cd410ef3bbb1cdd79c399b27772fa6d929bc3cf7c80ff3923a81e1c93be3"
url = "https://github.com/pnpm/pnpm/releases/download/v11.24.0/pnpm-linux-arm64.tar.gz"
url_api = "https://api.github.com/repos/pnpm/pnpm/releases/assets/527747053"
provenance = "github-attestations"

[tools.pnpm."platforms.linux-x64"]
checksum = "sha256:0a9b76dedb5fe8cc5e7f3a9fd70854181cfb08a487ebaf0c9cfb044dc860936c"
url = "https://github.com/pnpm/pnpm/releases/download/v11.24.0/pnpm-linux-x64.tar.gz"
url_api = "https://api.github.com/repos/pnpm/pnpm/releases/assets/527747059"
provenance = "github-attestations"

[tools.pnpm."platforms.macos-arm64"]
checksum = "sha256:c4df428b6c348b3037ba851359215065ce070d711dc96a9750052fdbfbe240d3"
url = "https://github.com/pnpm/pnpm/releases/download/v11.24.0/pnpm-darwin-arm64.tar.gz"
url_api = "https://api.github.com/repos/pnpm/pnpm/releases/assets/527747061"
provenance = "github-attestations"

[tools.pnpm."platforms.windows-arm64"]
checksum = "sha256:1b4bfaa430c16059f72cee665591f4e3f3e424eb97f88e343b16035479d47edb"
url = "https://github.com/pnpm/pnpm/releases/download/v11.24.0/pnpm-win32-arm64.zip"
url_api = "https://api.github.com/repos/pnpm/pnpm/releases/assets/527747060"
provenance = "github-attestations"

[tools.pnpm."platforms.windows-x64"]
checksum = "sha256:c5ca642230551342a9fffafe508c181f346e2c79fcae2b1cae4c37ceb423481a"
url = "https://github.com/pnpm/pnpm/releases/download/v11.24.0/pnpm-win32-x64.zip"
url_api = "https://api.github.com/repos/pnpm/pnpm/releases/assets/527747055"
provenance = "github-attestations"

[[tools.ripgrep]]
version = "15.2.0"
backend = "aqua:BurntSushi/ripgrep"

[tools.ripgrep."platforms.linux-arm64"]
checksum = "sha256:a740b91c82eaf9914cfedd353572f2791cbe0162c84101ee0951058f4dcbc90d"
url = "https://github.com/BurntSushi/ripgrep/releases/download/15.2.0/ripgrep-15.2.0-aarch64-unknown-linux-gnu.tar.gz"
url_api = "https://api.github.com/repos/BurntSushi/ripgrep/releases/assets/478119579"

[tools.ripgrep."platforms.linux-x64"]
checksum = "sha256:33e15bcf1624b25cdd2a55813a47a2f95dbe126268203e76aa6a585d1e7b149c"
url = "https://github.com/BurntSushi/ripgrep/releases/download/15.2.0/ripgrep-15.2.0-x86_64-unknown-linux-musl.tar.gz"
url_api = "https://api.github.com/repos/BurntSushi/ripgrep/releases/assets/478120097"

[tools.ripgrep."platforms.macos-arm64"]
checksum = "sha256:3750b2e93f37e0c692657da574d7019a101c0084da05a790c83fd335bad973e4"
url = "https://github.com/BurntSushi/ripgrep/releases/download/15.2.0/ripgrep-15.2.0-aarch64-apple-darwin.tar.gz"
url_api = "https://api.github.com/repos/BurntSushi/ripgrep/releases/assets/478118851"

[tools.ripgrep."platforms.windows-arm64"]
checksum = "sha256:71b2fef860abe467217a538ff31de02f5258807c0129f771846f87bd029aafc5"
url = "https://github.com/BurntSushi/ripgrep/releases/download/15.2.0/ripgrep-15.2.0-x86_64-pc-windows-msvc.zip"
url_api = "https://api.github.com/repos/BurntSushi/ripgrep/releases/assets/478119643"

[tools.ripgrep."platforms.windows-x64"]
checksum = "sha256:71b2fef860abe467217a538ff31de02f5258807c0129f771846f87bd029aafc5"
url = "https://github.com/BurntSushi/ripgrep/releases/download/15.2.0/ripgrep-15.2.0-x86_64-pc-windows-msvc.zip"
url_api = "https://api.github.com/repos/BurntSushi/ripgrep/releases/assets/478119643"

[[tools.shellcheck]]
version = "0.11.0"
backend = "aqua:koalaman/shellcheck"

[tools.shellcheck."platforms.linux-arm64"]
checksum = "sha256:12b331c1d2db6b9eb13cfca64306b1b157a86eb69db83023e261eaa7e7c14588"
url = "https://github.com/koalaman/shellcheck/releases/download/v0.11.0/shellcheck-v0.11.0.linux.aarch64.tar.xz"
url_api = "https://api.github.com/repos/koalaman/shellcheck/releases/assets/279056934"

[tools.shellcheck."platforms.linux-x64"]
checksum = "sha256:8c3be12b05d5c177a04c29e3c78ce89ac86f1595681cab149b65b97c4e227198"
url = "https://github.com/koalaman/shellcheck/releases/download/v0.11.0/shellcheck-v0.11.0.linux.x86_64.tar.xz"
url_api = "https://api.github.com/repos/koalaman/shellcheck/releases/assets/279056942"

[tools.shellcheck."platforms.macos-arm64"]
checksum = "sha256:56affdd8de5527894dca6dc3d7e0a99a873b0f004d7aabc30ae407d3f48b0a79"
url = "https://github.com/koalaman/shellcheck/releases/download/v0.11.0/shellcheck-v0.11.0.darwin.aarch64.tar.xz"
url_api = "https://api.github.com/repos/koalaman/shellcheck/releases/assets/279056932"

[tools.shellcheck."platforms.windows-arm64"]
checksum = "sha256:8a4e35ab0b331c85d73567b12f2a444df187f483e5079ceffa6bda1faa2e740e"
url = "https://github.com/koalaman/shellcheck/releases/download/v0.11.0/shellcheck-v0.11.0.zip"
url_api = "https://api.github.com/repos/koalaman/shellcheck/releases/assets/279056944"

[tools.shellcheck."platforms.windows-x64"]
checksum = "sha256:8a4e35ab0b331c85d73567b12f2a444df187f483e5079ceffa6bda1faa2e740e"
url = "https://github.com/koalaman/shellcheck/releases/download/v0.11.0/shellcheck-v0.11.0.zip"
url_api = "https://api.github.com/repos/koalaman/shellcheck/releases/assets/279056944"

[[tools.sqlc]]
version = "1.31.1"
backend = "aqua:sqlc-dev/sqlc"

[tools.sqlc."platforms.linux-arm64"]
url = "https://downloads.sqlc.dev/sqlc_1.31.1_linux_arm64.tar.gz"

[tools.sqlc."platforms.linux-x64"]
url = "https://downloads.sqlc.dev/sqlc_1.31.1_linux_amd64.tar.gz"

[tools.sqlc."platforms.macos-arm64"]
url = "https://downloads.sqlc.dev/sqlc_1.31.1_darwin_arm64.tar.gz"

[tools.sqlc."platforms.windows-arm64"]
url = "https://downloads.sqlc.dev/sqlc_1.31.1_windows_amd64.tar.gz"

[tools.sqlc."platforms.windows-x64"]
url = "https://downloads.sqlc.dev/sqlc_1.31.1_windows_amd64.tar.gz"

[[tools.terraform]]
version = "1.15.9"
backend = "aqua:hashicorp/terraform"

[tools.terraform."platforms.linux-arm64"]
checksum = "sha256:0afa6c29f61ca5ea270e950e43e50ecf2418b598507bf580e8ae76e1e6699b19"
url = "https://releases.hashicorp.com/terraform/1.15.9/terraform_1.15.9_linux_arm64.zip"

[tools.terraform."platforms.linux-x64"]
checksum = "sha256:76edd0b22d2f27d3d2e097cd793209646f719cf60f02ff3af626b07361137da1"
url = "https://releases.hashicorp.com/terraform/1.15.9/terraform_1.15.9_linux_amd64.zip"

[tools.terraform."platforms.macos-arm64"]
checksum = "sha256:05b27586a5d7d84105690ecccc7edbbf48bc3d6d577745cb61f163ba990adf4f"
url = "https://releases.hashicorp.com/terraform/1.15.9/terraform_1.15.9_darwin_arm64.zip"

[tools.terraform."platforms.windows-arm64"]
checksum = "sha256:ae35a0df5899640df09d3ed6a5de88159495b9b50d2e3eba9ae564354193832f"
url = "https://releases.hashicorp.com/terraform/1.15.9/terraform_1.15.9_windows_arm64.zip"

[tools.terraform."platforms.windows-x64"]
checksum = "sha256:b0fcd57e2abd19fc6d8e64b86a22f5f3fb734b0407385553cdcffc64677f18b6"
url = "https://releases.hashicorp.com/terraform/1.15.9/terraform_1.15.9_windows_amd64.zip"

[[tools.trivy]]
version = "0.74.0"
backend = "aqua:aquasecurity/trivy"

[tools.trivy."platforms.linux-arm64"]
checksum = "sha256:b94ce1976bbf3c15b514b605ee88be7c6d94a29be2302847ff01cb794d47aad5"
url = "https://github.com/aquasecurity/trivy/releases/download/v0.74.0/trivy_0.74.0_Linux-ARM64.tar.gz"
url_api = "https://api.github.com/repos/aquasecurity/trivy/releases/assets/514339429"
provenance = "cosign"

[tools.trivy."platforms.linux-x64"]
checksum = "sha256:2ae6fe3ee734b7fdf11335663e18c75ea12dccc76062f09f164a3b0f8be4371a"
url = "https://github.com/aquasecurity/trivy/releases/download/v0.74.0/trivy_0.74.0_Linux-64bit.tar.gz"
url_api = "https://api.github.com/repos/aquasecurity/trivy/releases/assets/514339431"
provenance = "cosign"

[tools.trivy."platforms.macos-arm64"]
checksum = "sha256:1caada5e0e2091909357c7525d3aa76f4b660b13821bc143b190c7483e31cc11"
url = "https://github.com/aquasecurity/trivy/releases/download/v0.74.0/trivy_0.74.0_macOS-ARM64.tar.gz"
url_api = "https://api.github.com/repos/aquasecurity/trivy/releases/assets/514339464"
provenance = "cosign"

[tools.trivy."platforms.windows-arm64"]
checksum = "sha256:94c40e0696e4b907a74b7b2e1438d5d72ebaca83115817407f568a002d520842"
url = "https://github.com/aquasecurity/trivy/releases/download/v0.74.0/trivy_0.74.0_windows-64bit.zip"
url_api = "https://api.github.com/repos/aquasecurity/trivy/releases/assets/514339469"
provenance = "cosign"

[tools.trivy."platforms.windows-x64"]
checksum = "sha256:94c40e0696e4b907a74b7b2e1438d5d72ebaca83115817407f568a002d520842"
url = "https://github.com/aquasecurity/trivy/releases/download/v0.74.0/trivy_0.74.0_windows-64bit.zip"
url_api = "https://api.github.com/repos/aquasecurity/trivy/releases/assets/514339469"
provenance = "cosign"

[[tools.uv]]
version = "0.12.5"
backend = "aqua:astral-sh/uv"

[tools.uv."platforms.linux-arm64"]
checksum = "sha256:8767a0e77f2cd45436401b1b42bf7e9ed5a4a91a74a5305d6fe93249d0f6dbc5"
url = "https://github.com/astral-sh/uv/releases/download/0.12.5/uv-aarch64-unknown-linux-musl.tar.gz"
url_api = "https://api.github.com/repos/astral-sh/uv/releases/assets/514850993"
provenance = "github-attestations"

[tools.uv."platforms.linux-x64"]
checksum = "sha256:a4742988791c9aeae68c78150d6cba762062ad2a47e53738c2779d2b596bfcdb"
url = "https://github.com/astral-sh/uv/releases/download/0.12.5/uv-x86_64-unknown-linux-musl.tar.gz"
url_api = "https://api.github.com/repos/astral-sh/uv/releases/assets/514851105"
provenance = "github-attestations"

[tools.uv."platforms.macos-arm64"]
checksum = "sha256:5bb0e5fe008a773c3dbcb97ff79cd89e1241464fe9d2f986d52ad8f1b037bd62"
url = "https://github.com/astral-sh/uv/releases/download/0.12.5/uv-aarch64-apple-darwin.tar.gz"
url_api = "https://api.github.com/repos/astral-sh/uv/releases/assets/514850968"
provenance = "github-attestations"

[tools.uv."platforms.windows-arm64"]
checksum = "sha256:4c4d49d8738847d9b71ba319e49a5688c93eac0fe6204b1df24e98528dddf39a"
url = "https://github.com/astral-sh/uv/releases/download/0.12.5/uv-x86_64-pc-windows-msvc.zip"
url_api = "https://api.github.com/repos/astral-sh/uv/releases/assets/514851084"
provenance = "github-attestations"

[tools.uv."platforms.windows-x64"]
checksum = "sha256:4c4d49d8738847d9b71ba319e49a5688c93eac0fe6204b1df24e98528dddf39a"
url = "https://github.com/astral-sh/uv/releases/download/0.12.5/uv-x86_64-pc-windows-msvc.zip"
url_api = "https://api.github.com/repos/astral-sh/uv/releases/assets/514851084"
provenance = "github-attestations"

[[tools.yq]]
version = "4.53.6"
backend = "aqua:mikefarah/yq"

[tools.yq."platforms.linux-arm64"]
checksum = "sha256:88a1016bc1d657375a35864e4f44b6f333df8ff97b559f51bba0adcb2169df09"
url = "https://github.com/mikefarah/yq/releases/download/v4.53.6/yq_linux_arm64"
url_api = "https://api.github.com/repos/mikefarah/yq/releases/assets/522028007"
provenance = "cosign"

[tools.yq."platforms.linux-x64"]
checksum = "sha256:c5f056448f973ae7d39b5401949648a78f2dc1947d6a8eb65be60d5c504b9385"
url = "https://github.com/mikefarah/yq/releases/download/v4.53.6/yq_linux_amd64"
url_api = "https://api.github.com/repos/mikefarah/yq/releases/assets/522028022"
provenance = "cosign"

[tools.yq."platforms.macos-arm64"]
checksum = "sha256:cceb0b8d71ea5294334121f8429f33f92b920e7217d904a2f9f35443968ac424"
url = "https://github.com/mikefarah/yq/releases/download/v4.53.6/yq_darwin_arm64"
url_api = "https://api.github.com/repos/mikefarah/yq/releases/assets/522028033"
provenance = "cosign"

[tools.yq."platforms.windows-arm64"]
checksum = "sha256:9a0ec8f648b0749d3d71286df96384f358c0eeca486bbcdec04e747307021d3a"
url = "https://github.com/mikefarah/yq/releases/download/v4.53.6/yq_windows_arm64.exe"
url_api = "https://api.github.com/repos/mikefarah/yq/releases/assets/522027986"
provenance = "cosign"

[tools.yq."platforms.windows-x64"]
checksum = "sha256:ece3dd8bb50d39f93610506273ea262feb91e5c486bbddbb10abf91b2a6c0f14"
url = "https://github.com/mikefarah/yq/releases/download/v4.53.6/yq_windows_amd64.exe"
url_api = "https://api.github.com/repos/mikefarah/yq/releases/assets/522027974"
provenance = "cosign"

[[tools.zoxide]]
version = "0.10.0"
backend = "aqua:ajeetdsouza/zoxide"

[tools.zoxide."platforms.linux-arm64"]
checksum = "sha256:f1f16c5d6298d63dee467eedea1cdcd8490e43e493bea43acd416dc9033ef641"
url = "https://github.com/ajeetdsouza/zoxide/releases/download/v0.10.0/zoxide-0.10.0-aarch64-unknown-linux-musl.tar.gz"
url_api = "https://api.github.com/repos/ajeetdsouza/zoxide/releases/assets/466316402"

[tools.zoxide."platforms.linux-x64"]
checksum = "sha256:2d93385b99f3e82cf2701609a1bffcad863fbeb75aa3fe7eb6be4d29be68b1ae"
url = "https://github.com/ajeetdsouza/zoxide/releases/download/v0.10.0/zoxide-0.10.0-x86_64-unknown-linux-musl.tar.gz"
url_api = "https://api.github.com/repos/ajeetdsouza/zoxide/releases/assets/466316293"

[tools.zoxide."platforms.macos-arm64"]
checksum = "sha256:b55ae6f2f5f23d0a6ccb3bd4eeb2af9c7e0a6556e5255c82100e40305129bbb0"
url = "https://github.com/ajeetdsouza/zoxide/releases/download/v0.10.0/zoxide-0.10.0-aarch64-apple-darwin.tar.gz"
url_api = "https://api.github.com/repos/ajeetdsouza/zoxide/releases/assets/466316174"

[tools.zoxide."platforms.windows-arm64"]
checksum = "sha256:b0e6eb62b11ebf168d5c65c5d23c635e81848cc4a88ae6b9caee64cf1e35d12b"
url = "https://github.com/ajeetdsouza/zoxide/releases/download/v0.10.0/zoxide-0.10.0-aarch64-pc-windows-msvc.zip"
url_api = "https://api.github.com/repos/ajeetdsouza/zoxide/releases/assets/466316738"

[tools.zoxide."platforms.windows-x64"]
checksum = "sha256:f465ae548f8754c8e7edbc60b45fbf58c92bfe123db83d790252d6810fa5daf1"
url = "https://github.com/ajeetdsouza/zoxide/releases/download/v0.10.0/zoxide-0.10.0-x86_64-pc-windows-msvc.zip"
url_api = "https://api.github.com/repos/ajeetdsouza/zoxide/releases/assets/466316769"
